// !$*UTF8*$!
{
	archiveVersion = 1;
	classes = {
	};
	objectVersion = 50;
	objects = {

/* Begin PBXBuildFile section */
		3E2FD4A421783AF000B7365B /* StatsRequester.m in Sources */ = {isa = PBXBuildFile; fileRef = 3E2FD49921783AF000B7365B /* StatsRequester.m */; };
		3E2FD4A521783AF000B7365B /* StatsGazeWorldCell.swift in Sources */ = {isa = PBXBuildFile; fileRef = 3E2FD49C21783AF000B7365B /* StatsGazeWorldCell.swift */; };
		3E2FD4A621783AF000B7365B /* StatsProfileHeaderView.swift in Sources */ = {isa = PBXBuildFile; fileRef = 3E2FD49D21783AF000B7365B /* StatsProfileHeaderView.swift */; };
		3E2FD4A721783AF000B7365B /* StatsTomorrowCell.swift in Sources */ = {isa = PBXBuildFile; fileRef = 3E2FD49E21783AF000B7365B /* StatsTomorrowCell.swift */; };
		3E2FD4A821783AF000B7365B /* StatsPoetryDistanceCell.swift in Sources */ = {isa = PBXBuildFile; fileRef = 3E2FD49F21783AF000B7365B /* StatsPoetryDistanceCell.swift */; };
		3E2FD4A921783AF000B7365B /* StatsDataInsightCell.swift in Sources */ = {isa = PBXBuildFile; fileRef = 3E2FD4A021783AF000B7365B /* StatsDataInsightCell.swift */; };
		3E2FD4AA21783AF000B7365B /* StatsModel.m in Sources */ = {isa = PBXBuildFile; fileRef = 3E2FD4A321783AF000B7365B /* StatsModel.m */; };
		3E2FD4C7217877C300B7365B /* TradeGothicLTStd.otf in Resources */ = {isa = PBXBuildFile; fileRef = 3E2FD4BB217877C300B7365B /* TradeGothicLTStd.otf */; };
		3E2FD4C8217877C300B7365B /* SF-Pro-Display-Regular.otf in Resources */ = {isa = PBXBuildFile; fileRef = 3E2FD4BC217877C300B7365B /* SF-Pro-Display-Regular.otf */; };
		3E2FD4C9217877C300B7365B /* SF-Pro-Display-Bold.otf in Resources */ = {isa = PBXBuildFile; fileRef = 3E2FD4BD217877C300B7365B /* SF-Pro-Display-Bold.otf */; };
		3E2FD4CA217877C300B7365B /* ArchivoNarrow-Regular.otf in Resources */ = {isa = PBXBuildFile; fileRef = 3E2FD4BE217877C300B7365B /* ArchivoNarrow-Regular.otf */; };
		3E2FD4CB217877C300B7365B /* Padaloma-Italic.ttf in Resources */ = {isa = PBXBuildFile; fileRef = 3E2FD4BF217877C300B7365B /* Padaloma-Italic.ttf */; };
		3E2FD4CC217877C300B7365B /* SF-Pro-Display-Semibold.otf in Resources */ = {isa = PBXBuildFile; fileRef = 3E2FD4C0217877C300B7365B /* SF-Pro-Display-Semibold.otf */; };
		3E2FD4CD217877C300B7365B /* SF-Pro-Text-Regular.otf in Resources */ = {isa = PBXBuildFile; fileRef = 3E2FD4C1217877C300B7365B /* SF-Pro-Text-Regular.otf */; };
		3E2FD4CE217877C300B7365B /* SF-Pro-Text-Bold.otf in Resources */ = {isa = PBXBuildFile; fileRef = 3E2FD4C2217877C300B7365B /* SF-Pro-Text-Bold.otf */; };
		3E2FD4CF217877C300B7365B /* Keep_font.ttf in Resources */ = {isa = PBXBuildFile; fileRef = 3E2FD4C3217877C300B7365B /* Keep_font.ttf */; };
		3E2FD4D0217877C300B7365B /* Keeprun_font_mac.ttf in Resources */ = {isa = PBXBuildFile; fileRef = 3E2FD4C4217877C300B7365B /* Keeprun_font_mac.ttf */; };
		3E2FD4D1217877C300B7365B /* SF-Pro-Text-Semibold.otf in Resources */ = {isa = PBXBuildFile; fileRef = 3E2FD4C5217877C300B7365B /* SF-Pro-Text-Semibold.otf */; };
		3E2FD4D2217877C300B7365B /* ArchivoNarrow-Bold.otf in Resources */ = {isa = PBXBuildFile; fileRef = 3E2FD4C6217877C300B7365B /* ArchivoNarrow-Bold.otf */; };
		3E690D722178E256004B7094 /* StatsBaseCell.swift in Sources */ = {isa = PBXBuildFile; fileRef = 3E690D712178E256004B7094 /* StatsBaseCell.swift */; };
		3E690D742178EE78004B7094 /* AccountManager.swift in Sources */ = {isa = PBXBuildFile; fileRef = 3E690D732178EE78004B7094 /* AccountManager.swift */; };
		3E690D762178F8FF004B7094 /* iPhoneX.swift in Sources */ = {isa = PBXBuildFile; fileRef = 3E690D752178F8FF004B7094 /* iPhoneX.swift */; };
		3E79D21D2178C82000049C16 /* TripsRequester.m in Sources */ = {isa = PBXBuildFile; fileRef = 3E79D2162178C82000049C16 /* TripsRequester.m */; };
		3E79D2202178C82000049C16 /* TripsModel.m in Sources */ = {isa = PBXBuildFile; fileRef = 3E79D21C2178C82000049C16 /* TripsModel.m */; };
		3E79D2232178C93B00049C16 /* TripsViewController.m in Sources */ = {isa = PBXBuildFile; fileRef = 3E79D2222178C93B00049C16 /* TripsViewController.m */; };
		3E79D2272178C97000049C16 /* TripsHeaderView.swift in Sources */ = {isa = PBXBuildFile; fileRef = 3E79D2252178C97000049C16 /* TripsHeaderView.swift */; };
		3E79D2282178C97000049C16 /* TripsClipCell.swift in Sources */ = {isa = PBXBuildFile; fileRef = 3E79D2262178C97000049C16 /* TripsClipCell.swift */; };
		3E79D22E2178C9CA00049C16 /* KEPHomeView.m in Sources */ = {isa = PBXBuildFile; fileRef = 3E79D22D2178C9CA00049C16 /* KEPHomeView.m */; };
		3E79D2312178C9FD00049C16 /* KEPHomeHeaderView.m in Sources */ = {isa = PBXBuildFile; fileRef = 3E79D2302178C9FD00049C16 /* KEPHomeHeaderView.m */; };
		73EE3E59A9F784FAAA1F37E8 /* Pods_PassportTests.framework in Frameworks */ = {isa = PBXBuildFile; fileRef = 2A4DFCF347104123E39DD01E /* Pods_PassportTests.framework */; };
		7D2FCC4564F224EE972E5C9D /* Pods_PassportUITests.framework in Frameworks */ = {isa = PBXBuildFile; fileRef = 30BF99830708E0187F01BCE9 /* Pods_PassportUITests.framework */; };
		B60D3A43217823D40099547D /* TripDetailTableViewBaseDataSource.m in Sources */ = {isa = PBXBuildFile; fileRef = B60D3A42217823D40099547D /* TripDetailTableViewBaseDataSource.m */; };
		B60D3A46217824B60099547D /* TripDetailTableViewDataSource.m in Sources */ = {isa = PBXBuildFile; fileRef = B60D3A45217824B60099547D /* TripDetailTableViewDataSource.m */; };
		B60D3A4921782BFD0099547D /* KEPRTActivityToggle.m in Sources */ = {isa = PBXBuildFile; fileRef = B60D3A4821782BFD0099547D /* KEPRTActivityToggle.m */; };
		B60D3A50217838E80099547D /* TripDetailBaseHeaderCell.m in Sources */ = {isa = PBXBuildFile; fileRef = B60D3A4F217838E80099547D /* TripDetailBaseHeaderCell.m */; };
		B60D3A6A21783F410099547D /* KEPEntryPhotoAndVideoView.m in Sources */ = {isa = PBXBuildFile; fileRef = B60D3A5521783F410099547D /* KEPEntryPhotoAndVideoView.m */; };
		B60D3A6C21783F410099547D /* KEPTimelineEntryCell.m in Sources */ = {isa = PBXBuildFile; fileRef = B60D3A5721783F410099547D /* KEPTimelineEntryCell.m */; };
		B60D3A6D21783F410099547D /* KEPEntryMetaAndCardView.m in Sources */ = {isa = PBXBuildFile; fileRef = B60D3A5821783F410099547D /* KEPEntryMetaAndCardView.m */; };
		B60D3A6E21783F410099547D /* KEPEntryTextView.m in Sources */ = {isa = PBXBuildFile; fileRef = B60D3A5921783F410099547D /* KEPEntryTextView.m */; };
		B60D3A6F21783F410099547D /* KEPTimelineEntryCellHelper.m in Sources */ = {isa = PBXBuildFile; fileRef = B60D3A5A21783F410099547D /* KEPTimelineEntryCellHelper.m */; };
		B60D3A7021783F410099547D /* KEPEntryMultiPhotosView.m in Sources */ = {isa = PBXBuildFile; fileRef = B60D3A5B21783F410099547D /* KEPEntryMultiPhotosView.m */; };
		B60D3A7121783F410099547D /* KEPEntryHeaderView.m in Sources */ = {isa = PBXBuildFile; fileRef = B60D3A5C21783F410099547D /* KEPEntryHeaderView.m */; };
		B60D3A7221783F410099547D /* KEPBaseEntryCell.m in Sources */ = {isa = PBXBuildFile; fileRef = B60D3A6821783F410099547D /* KEPBaseEntryCell.m */; };
		B60D3A7321783F410099547D /* KEPBaseEntryCell+Helper.m in Sources */ = {isa = PBXBuildFile; fileRef = B60D3A6921783F410099547D /* KEPBaseEntryCell+Helper.m */; };
		B60D3A752178529C0099547D /* FlexiblePageControl.swift in Sources */ = {isa = PBXBuildFile; fileRef = B60D3A742178529C0099547D /* FlexiblePageControl.swift */; };
		B60D3A812178BE590099547D /* TripDetailRequester.m in Sources */ = {isa = PBXBuildFile; fileRef = B60D3A802178BE590099547D /* TripDetailRequester.m */; };
		B60D3A852178DAB60099547D /* group.plist in Resources */ = {isa = PBXBuildFile; fileRef = B60D3A842178DAB60099547D /* group.plist */; };
		B60D3AA22178E1EA0099547D /* CKQuadTree.m in Sources */ = {isa = PBXBuildFile; fileRef = B60D3A8B2178E1EA0099547D /* CKQuadTree.m */; };
		B60D3AA32178E1EA0099547D /* CKClusterManager.m in Sources */ = {isa = PBXBuildFile; fileRef = B60D3A8D2178E1EA0099547D /* CKClusterManager.m */; };
		B60D3AA42178E1EA0099547D /* CKCluster.m in Sources */ = {isa = PBXBuildFile; fileRef = B60D3A8E2178E1EA0099547D /* CKCluster.m */; };
		B60D3AA52178E1EA0099547D /* CKGridBasedAlgorithm.m in Sources */ = {isa = PBXBuildFile; fileRef = B60D3A912178E1EA0099547D /* CKGridBasedAlgorithm.m */; };
		B60D3AA62178E1EA0099547D /* CKClusterAlgorithm.m in Sources */ = {isa = PBXBuildFile; fileRef = B60D3A922178E1EA0099547D /* CKClusterAlgorithm.m */; };
		B60D3AA72178E1EA0099547D /* CKNonHierarchicalDistanceBasedAlgorithm.m in Sources */ = {isa = PBXBuildFile; fileRef = B60D3A932178E1EA0099547D /* CKNonHierarchicalDistanceBasedAlgorithm.m */; };
		B60D3AAA2178E1EA0099547D /* MGLMapView+ClusterKit.m in Sources */ = {isa = PBXBuildFile; fileRef = B60D3A9F2178E1EA0099547D /* MGLMapView+ClusterKit.m */; };
		B60D3AAD2178EF460099547D /* MKAnnotation+TripDetail.m in Sources */ = {isa = PBXBuildFile; fileRef = B60D3AAC2178EF460099547D /* MKAnnotation+TripDetail.m */; };
		B6DFCEA521775FEA00C47258 /* TripDetailViewController.m in Sources */ = {isa = PBXBuildFile; fileRef = B6DFCEA421775FEA00C47258 /* TripDetailViewController.m */; };
		B6DFCEA821775FFA00C47258 /* TripDetailViewModel.m in Sources */ = {isa = PBXBuildFile; fileRef = B6DFCEA721775FFA00C47258 /* TripDetailViewModel.m */; };
		B6DFCEAB217760C800C47258 /* KEPOutdoorActivitySummaryMGLMapView.m in Sources */ = {isa = PBXBuildFile; fileRef = B6DFCEA9217760C800C47258 /* KEPOutdoorActivitySummaryMGLMapView.m */; };
		B6DFCEAE217762C400C47258 /* TripDetailMapViewModel.m in Sources */ = {isa = PBXBuildFile; fileRef = B6DFCEAD217762C400C47258 /* TripDetailMapViewModel.m */; };
		B6DFCEB1217764E700C47258 /* TripDetailCarouseView.m in Sources */ = {isa = PBXBuildFile; fileRef = B6DFCEB0217764E700C47258 /* TripDetailCarouseView.m */; };
		B6DFCEB42177652000C47258 /* TripDetailCarouseViewModel.m in Sources */ = {isa = PBXBuildFile; fileRef = B6DFCEB32177652000C47258 /* TripDetailCarouseViewModel.m */; };
		B6DFCEB72177656F00C47258 /* TripDetailModel.m in Sources */ = {isa = PBXBuildFile; fileRef = B6DFCEB62177656F00C47258 /* TripDetailModel.m */; };
		B6DFCEBA217765BF00C47258 /* TripPenetrateBaseViewModel.m in Sources */ = {isa = PBXBuildFile; fileRef = B6DFCEB9217765BF00C47258 /* TripPenetrateBaseViewModel.m */; };
		B6DFCEBD2177677200C47258 /* TripDetailTableView.m in Sources */ = {isa = PBXBuildFile; fileRef = B6DFCEBC2177677200C47258 /* TripDetailTableView.m */; };
		B6DFCEC0217767A300C47258 /* TripDetailTableViewModel.m in Sources */ = {isa = PBXBuildFile; fileRef = B6DFCEBF217767A300C47258 /* TripDetailTableViewModel.m */; };
		B6DFCEC4217776DE00C47258 /* UIView+KEP_OutdoorActivity.m in Sources */ = {isa = PBXBuildFile; fileRef = B6DFCEC2217776DE00C47258 /* UIView+KEP_OutdoorActivity.m */; };
		D84DC9612178B6CB00BD0A73 /* KPESchduleConfirmProgressView.m in Sources */ = {isa = PBXBuildFile; fileRef = D84DC9602178B6CB00BD0A73 /* KPESchduleConfirmProgressView.m */; };
		D84DC9632178BF2300BD0A73 /* hash.json in Resources */ = {isa = PBXBuildFile; fileRef = D84DC9622178BF2300BD0A73 /* hash.json */; };
		D84DC9652178BF8E00BD0A73 /* HashCityData.swift in Sources */ = {isa = PBXBuildFile; fileRef = D84DC9642178BF8E00BD0A73 /* HashCityData.swift */; };
		D855BC19217899700028A8EE /* UploadData.swift in Sources */ = {isa = PBXBuildFile; fileRef = D855BC18217899700028A8EE /* UploadData.swift */; };
		D87DDF2421774D6F002D1D99 /* PhotoListTableViewController.swift in Sources */ = {isa = PBXBuildFile; fileRef = D87DDF2321774D6F002D1D99 /* PhotoListTableViewController.swift */; };
		D87DDF2721776809002D1D99 /* PHPersonHandler.m in Sources */ = {isa = PBXBuildFile; fileRef = D87DDF2621776809002D1D99 /* PHPersonHandler.m */; };
		D87DDF2A21777004002D1D99 /* Geohash.swift in Sources */ = {isa = PBXBuildFile; fileRef = D87DDF2921777004002D1D99 /* Geohash.swift */; };
		D87DDF2C21777984002D1D99 /* PhotoHashData.swift in Sources */ = {isa = PBXBuildFile; fileRef = D87DDF2B21777984002D1D99 /* PhotoHashData.swift */; };
		D87DDF2E2177832E002D1D99 /* DateUtil.swift in Sources */ = {isa = PBXBuildFile; fileRef = D87DDF2D2177832E002D1D99 /* DateUtil.swift */; };
		D87DDF3021781875002D1D99 /* Earth.mp4 in Resources */ = {isa = PBXBuildFile; fileRef = D87DDF2F21781875002D1D99 /* Earth.mp4 */; };
		D87DDF3321781C64002D1D99 /* KEPWelcomeVideoView.m in Sources */ = {isa = PBXBuildFile; fileRef = D87DDF3221781C63002D1D99 /* KEPWelcomeVideoView.m */; };
		D87DDF3921781DA7002D1D99 /* ScreenUtil.swift in Sources */ = {isa = PBXBuildFile; fileRef = D87DDF3821781DA7002D1D99 /* ScreenUtil.swift */; };
		D87DDF3B217821B2002D1D99 /* LoginView.storyboard in Resources */ = {isa = PBXBuildFile; fileRef = D87DDF3A217821B2002D1D99 /* LoginView.storyboard */; };
		D87DDF3D217824E1002D1D99 /* LoginViewController.swift in Sources */ = {isa = PBXBuildFile; fileRef = D87DDF3C217824E1002D1D99 /* LoginViewController.swift */; };
		D87DDF3F2178252D002D1D99 /* ResourceUtil.swift in Sources */ = {isa = PBXBuildFile; fileRef = D87DDF3E2178252D002D1D99 /* ResourceUtil.swift */; };
		D87DDF42217825C7002D1D99 /* ScanPicViewController.swift in Sources */ = {isa = PBXBuildFile; fileRef = D87DDF41217825C7002D1D99 /* ScanPicViewController.swift */; };
		D87DDF45217836B4002D1D99 /* KeyBoardExt.swift in Sources */ = {isa = PBXBuildFile; fileRef = D87DDF44217836B4002D1D99 /* KeyBoardExt.swift */; };
		D87DDF472178399D002D1D99 /* HttpApi.swift in Sources */ = {isa = PBXBuildFile; fileRef = D87DDF462178399D002D1D99 /* HttpApi.swift */; };
		D87DDF4921783ED0002D1D99 /* LoginData.swift in Sources */ = {isa = PBXBuildFile; fileRef = D87DDF4821783ED0002D1D99 /* LoginData.swift */; };
		D8C9989A2178638F00570F75 /* PrepareViewController.swift in Sources */ = {isa = PBXBuildFile; fileRef = D8C998992178638F00570F75 /* PrepareViewController.swift */; };
		D8C9989E21786A8E00570F75 /* ColorUtils.swift in Sources */ = {isa = PBXBuildFile; fileRef = D8C9989D21786A8E00570F75 /* ColorUtils.swift */; };
		D8DE7DEA2176DBCD004F1A95 /* PAppDelegate.swift in Sources */ = {isa = PBXBuildFile; fileRef = D8DE7DE92176DBCD004F1A95 /* PAppDelegate.swift */; };
		D8DE7DEC2176DBCD004F1A95 /* StatsViewController.swift in Sources */ = {isa = PBXBuildFile; fileRef = D8DE7DEB2176DBCD004F1A95 /* StatsViewController.swift */; };
		D8DE7DF12176DBCD004F1A95 /* Main.storyboard in Resources */ = {isa = PBXBuildFile; fileRef = D8DE7DEF2176DBCD004F1A95 /* Main.storyboard */; };
		D8DE7DF32176DBCF004F1A95 /* Assets.xcassets in Resources */ = {isa = PBXBuildFile; fileRef = D8DE7DF22176DBCF004F1A95 /* Assets.xcassets */; };
		D8DE7DF62176DBCF004F1A95 /* LaunchScreen.storyboard in Resources */ = {isa = PBXBuildFile; fileRef = D8DE7DF42176DBCF004F1A95 /* LaunchScreen.storyboard */; };
		D8DE7E012176DBCF004F1A95 /* PassportTests.swift in Sources */ = {isa = PBXBuildFile; fileRef = D8DE7E002176DBCF004F1A95 /* PassportTests.swift */; };
		D8DE7E0C2176DBCF004F1A95 /* PassportUITests.swift in Sources */ = {isa = PBXBuildFile; fileRef = D8DE7E0B2176DBCF004F1A95 /* PassportUITests.swift */; };
		D8DE7E1A2176DD08004F1A95 /* GroupsTableViewController.swift in Sources */ = {isa = PBXBuildFile; fileRef = D8DE7E192176DD08004F1A95 /* GroupsTableViewController.swift */; };
		D8DE7E1F2176DD29004F1A95 /* Dummy.m in Sources */ = {isa = PBXBuildFile; fileRef = D8DE7E1E2176DD29004F1A95 /* Dummy.m */; };
		D8DE7E212176DD65004F1A95 /* WelcomeViewController.swift in Sources */ = {isa = PBXBuildFile; fileRef = D8DE7E202176DD65004F1A95 /* WelcomeViewController.swift */; };
		D8DE7E232176DD97004F1A95 /* CustomTabBarViewController.swift in Sources */ = {isa = PBXBuildFile; fileRef = D8DE7E222176DD97004F1A95 /* CustomTabBarViewController.swift */; };
		D8DE7E252176E014004F1A95 /* PhotoScanProcessor.swift in Sources */ = {isa = PBXBuildFile; fileRef = D8DE7E242176E014004F1A95 /* PhotoScanProcessor.swift */; };
		D8DE7E272177386D004F1A95 /* PhotoMeta.swift in Sources */ = {isa = PBXBuildFile; fileRef = D8DE7E262177386D004F1A95 /* PhotoMeta.swift */; };
		D8DE7E29217738DC004F1A95 /* Photos.framework in Frameworks */ = {isa = PBXBuildFile; fileRef = D8DE7E28217738DC004F1A95 /* Photos.framework */; };
		D8DE7E2B217738E0004F1A95 /* PhotosUI.framework in Frameworks */ = {isa = PBXBuildFile; fileRef = D8DE7E2A217738E0004F1A95 /* PhotosUI.framework */; };
		D8DE7E2D217738E6004F1A95 /* CoreLocation.framework in Frameworks */ = {isa = PBXBuildFile; fileRef = D8DE7E2C217738E6004F1A95 /* CoreLocation.framework */; };
		F395DA038C0E0B0FA582096E /* Pods_Passport.framework in Frameworks */ = {isa = PBXBuildFile; fileRef = AA47B98829EE2FB5FB7FEB14 /* Pods_Passport.framework */; };
/* End PBXBuildFile section */

/* Begin PBXContainerItemProxy section */
		D8DE7DFD2176DBCF004F1A95 /* PBXContainerItemProxy */ = {
			isa = PBXContainerItemProxy;
			containerPortal = D8DE7DDE2176DBCD004F1A95 /* Project object */;
			proxyType = 1;
			remoteGlobalIDString = D8DE7DE52176DBCD004F1A95;
			remoteInfo = Passport;
		};
		D8DE7E082176DBCF004F1A95 /* PBXContainerItemProxy */ = {
			isa = PBXContainerItemProxy;
			containerPortal = D8DE7DDE2176DBCD004F1A95 /* Project object */;
			proxyType = 1;
			remoteGlobalIDString = D8DE7DE52176DBCD004F1A95;
			remoteInfo = Passport;
		};
/* End PBXContainerItemProxy section */

/* Begin PBXFileReference section */
		2A4DFCF347104123E39DD01E /* Pods_PassportTests.framework */ = {isa = PBXFileReference; explicitFileType = wrapper.framework; includeInIndex = 0; path = Pods_PassportTests.framework; sourceTree = BUILT_PRODUCTS_DIR; };
		30BF99830708E0187F01BCE9 /* Pods_PassportUITests.framework */ = {isa = PBXFileReference; explicitFileType = wrapper.framework; includeInIndex = 0; path = Pods_PassportUITests.framework; sourceTree = BUILT_PRODUCTS_DIR; };
		3E2FD49921783AF000B7365B /* StatsRequester.m */ = {isa = PBXFileReference; fileEncoding = 4; lastKnownFileType = sourcecode.c.objc; path = StatsRequester.m; sourceTree = "<group>"; };
		3E2FD49A21783AF000B7365B /* StatsRequester.h */ = {isa = PBXFileReference; fileEncoding = 4; lastKnownFileType = sourcecode.c.h; path = StatsRequester.h; sourceTree = "<group>"; };
		3E2FD49C21783AF000B7365B /* StatsGazeWorldCell.swift */ = {isa = PBXFileReference; fileEncoding = 4; lastKnownFileType = sourcecode.swift; path = StatsGazeWorldCell.swift; sourceTree = "<group>"; };
		3E2FD49D21783AF000B7365B /* StatsProfileHeaderView.swift */ = {isa = PBXFileReference; fileEncoding = 4; lastKnownFileType = sourcecode.swift; path = StatsProfileHeaderView.swift; sourceTree = "<group>"; };
		3E2FD49E21783AF000B7365B /* StatsTomorrowCell.swift */ = {isa = PBXFileReference; fileEncoding = 4; lastKnownFileType = sourcecode.swift; path = StatsTomorrowCell.swift; sourceTree = "<group>"; };
		3E2FD49F21783AF000B7365B /* StatsPoetryDistanceCell.swift */ = {isa = PBXFileReference; fileEncoding = 4; lastKnownFileType = sourcecode.swift; path = StatsPoetryDistanceCell.swift; sourceTree = "<group>"; };
		3E2FD4A021783AF000B7365B /* StatsDataInsightCell.swift */ = {isa = PBXFileReference; fileEncoding = 4; lastKnownFileType = sourcecode.swift; path = StatsDataInsightCell.swift; sourceTree = "<group>"; };
		3E2FD4A221783AF000B7365B /* StatsModel.h */ = {isa = PBXFileReference; fileEncoding = 4; lastKnownFileType = sourcecode.c.h; path = StatsModel.h; sourceTree = "<group>"; };
		3E2FD4A321783AF000B7365B /* StatsModel.m */ = {isa = PBXFileReference; fileEncoding = 4; lastKnownFileType = sourcecode.c.objc; path = StatsModel.m; sourceTree = "<group>"; };
		3E2FD4BB217877C300B7365B /* TradeGothicLTStd.otf */ = {isa = PBXFileReference; lastKnownFileType = file; path = TradeGothicLTStd.otf; sourceTree = "<group>"; };
		3E2FD4BC217877C300B7365B /* SF-Pro-Display-Regular.otf */ = {isa = PBXFileReference; lastKnownFileType = file; path = "SF-Pro-Display-Regular.otf"; sourceTree = "<group>"; };
		3E2FD4BD217877C300B7365B /* SF-Pro-Display-Bold.otf */ = {isa = PBXFileReference; lastKnownFileType = file; path = "SF-Pro-Display-Bold.otf"; sourceTree = "<group>"; };
		3E2FD4BE217877C300B7365B /* ArchivoNarrow-Regular.otf */ = {isa = PBXFileReference; lastKnownFileType = file; path = "ArchivoNarrow-Regular.otf"; sourceTree = "<group>"; };
		3E2FD4BF217877C300B7365B /* Padaloma-Italic.ttf */ = {isa = PBXFileReference; lastKnownFileType = file; path = "Padaloma-Italic.ttf"; sourceTree = "<group>"; };
		3E2FD4C0217877C300B7365B /* SF-Pro-Display-Semibold.otf */ = {isa = PBXFileReference; lastKnownFileType = file; path = "SF-Pro-Display-Semibold.otf"; sourceTree = "<group>"; };
		3E2FD4C1217877C300B7365B /* SF-Pro-Text-Regular.otf */ = {isa = PBXFileReference; lastKnownFileType = file; path = "SF-Pro-Text-Regular.otf"; sourceTree = "<group>"; };
		3E2FD4C2217877C300B7365B /* SF-Pro-Text-Bold.otf */ = {isa = PBXFileReference; lastKnownFileType = file; path = "SF-Pro-Text-Bold.otf"; sourceTree = "<group>"; };
		3E2FD4C3217877C300B7365B /* Keep_font.ttf */ = {isa = PBXFileReference; lastKnownFileType = file; path = Keep_font.ttf; sourceTree = "<group>"; };
		3E2FD4C4217877C300B7365B /* Keeprun_font_mac.ttf */ = {isa = PBXFileReference; lastKnownFileType = file; path = Keeprun_font_mac.ttf; sourceTree = "<group>"; };
		3E2FD4C5217877C300B7365B /* SF-Pro-Text-Semibold.otf */ = {isa = PBXFileReference; lastKnownFileType = file; path = "SF-Pro-Text-Semibold.otf"; sourceTree = "<group>"; };
		3E2FD4C6217877C300B7365B /* ArchivoNarrow-Bold.otf */ = {isa = PBXFileReference; lastKnownFileType = file; path = "ArchivoNarrow-Bold.otf"; sourceTree = "<group>"; };
		3E690D712178E256004B7094 /* StatsBaseCell.swift */ = {isa = PBXFileReference; lastKnownFileType = sourcecode.swift; path = StatsBaseCell.swift; sourceTree = "<group>"; };
		3E690D732178EE78004B7094 /* AccountManager.swift */ = {isa = PBXFileReference; lastKnownFileType = sourcecode.swift; path = AccountManager.swift; sourceTree = "<group>"; };
		3E690D752178F8FF004B7094 /* iPhoneX.swift */ = {isa = PBXFileReference; fileEncoding = 4; lastKnownFileType = sourcecode.swift; path = iPhoneX.swift; sourceTree = "<group>"; };
		3E79D2152178C82000049C16 /* TripsRequester.h */ = {isa = PBXFileReference; fileEncoding = 4; lastKnownFileType = sourcecode.c.h; path = TripsRequester.h; sourceTree = "<group>"; };
		3E79D2162178C82000049C16 /* TripsRequester.m */ = {isa = PBXFileReference; fileEncoding = 4; lastKnownFileType = sourcecode.c.objc; path = TripsRequester.m; sourceTree = "<group>"; };
		3E79D21B2178C82000049C16 /* TripsModel.h */ = {isa = PBXFileReference; fileEncoding = 4; lastKnownFileType = sourcecode.c.h; path = TripsModel.h; sourceTree = "<group>"; };
		3E79D21C2178C82000049C16 /* TripsModel.m */ = {isa = PBXFileReference; fileEncoding = 4; lastKnownFileType = sourcecode.c.objc; path = TripsModel.m; sourceTree = "<group>"; };
		3E79D2212178C93B00049C16 /* TripsViewController.h */ = {isa = PBXFileReference; lastKnownFileType = sourcecode.c.h; path = TripsViewController.h; sourceTree = "<group>"; };
		3E79D2222178C93B00049C16 /* TripsViewController.m */ = {isa = PBXFileReference; lastKnownFileType = sourcecode.c.objc; path = TripsViewController.m; sourceTree = "<group>"; };
		3E79D2252178C97000049C16 /* TripsHeaderView.swift */ = {isa = PBXFileReference; fileEncoding = 4; lastKnownFileType = sourcecode.swift; path = TripsHeaderView.swift; sourceTree = "<group>"; };
		3E79D2262178C97000049C16 /* TripsClipCell.swift */ = {isa = PBXFileReference; fileEncoding = 4; lastKnownFileType = sourcecode.swift; path = TripsClipCell.swift; sourceTree = "<group>"; };
		3E79D22C2178C9CA00049C16 /* KEPHomeView.h */ = {isa = PBXFileReference; fileEncoding = 4; lastKnownFileType = sourcecode.c.h; path = KEPHomeView.h; sourceTree = "<group>"; };
		3E79D22D2178C9CA00049C16 /* KEPHomeView.m */ = {isa = PBXFileReference; fileEncoding = 4; lastKnownFileType = sourcecode.c.objc; path = KEPHomeView.m; sourceTree = "<group>"; };
		3E79D22F2178C9FD00049C16 /* KEPHomeHeaderView.h */ = {isa = PBXFileReference; fileEncoding = 4; lastKnownFileType = sourcecode.c.h; path = KEPHomeHeaderView.h; sourceTree = "<group>"; };
		3E79D2302178C9FD00049C16 /* KEPHomeHeaderView.m */ = {isa = PBXFileReference; fileEncoding = 4; lastKnownFileType = sourcecode.c.objc; path = KEPHomeHeaderView.m; sourceTree = "<group>"; };
		40BB27FCD85F73018474EBAC /* Pods-PassportTests.release.xcconfig */ = {isa = PBXFileReference; includeInIndex = 1; lastKnownFileType = text.xcconfig; name = "Pods-PassportTests.release.xcconfig"; path = "Pods/Target Support Files/Pods-PassportTests/Pods-PassportTests.release.xcconfig"; sourceTree = "<group>"; };
		826302745DFFF33B46F72147 /* Pods-PassportUITests.release.xcconfig */ = {isa = PBXFileReference; includeInIndex = 1; lastKnownFileType = text.xcconfig; name = "Pods-PassportUITests.release.xcconfig"; path = "Pods/Target Support Files/Pods-PassportUITests/Pods-PassportUITests.release.xcconfig"; sourceTree = "<group>"; };
		8A11E486CA3E7D15668A710F /* Pods-PassportUITests.debug.xcconfig */ = {isa = PBXFileReference; includeInIndex = 1; lastKnownFileType = text.xcconfig; name = "Pods-PassportUITests.debug.xcconfig"; path = "Pods/Target Support Files/Pods-PassportUITests/Pods-PassportUITests.debug.xcconfig"; sourceTree = "<group>"; };
		AA47B98829EE2FB5FB7FEB14 /* Pods_Passport.framework */ = {isa = PBXFileReference; explicitFileType = wrapper.framework; includeInIndex = 0; path = Pods_Passport.framework; sourceTree = BUILT_PRODUCTS_DIR; };
		B60D3A41217823D40099547D /* TripDetailTableViewBaseDataSource.h */ = {isa = PBXFileReference; lastKnownFileType = sourcecode.c.h; path = TripDetailTableViewBaseDataSource.h; sourceTree = "<group>"; };
		B60D3A42217823D40099547D /* TripDetailTableViewBaseDataSource.m */ = {isa = PBXFileReference; lastKnownFileType = sourcecode.c.objc; path = TripDetailTableViewBaseDataSource.m; sourceTree = "<group>"; };
		B60D3A44217824B60099547D /* TripDetailTableViewDataSource.h */ = {isa = PBXFileReference; lastKnownFileType = sourcecode.c.h; path = TripDetailTableViewDataSource.h; sourceTree = "<group>"; };
		B60D3A45217824B60099547D /* TripDetailTableViewDataSource.m */ = {isa = PBXFileReference; lastKnownFileType = sourcecode.c.objc; path = TripDetailTableViewDataSource.m; sourceTree = "<group>"; };
		B60D3A4721782BFD0099547D /* KEPRTActivityToggle.h */ = {isa = PBXFileReference; fileEncoding = 4; lastKnownFileType = sourcecode.c.h; path = KEPRTActivityToggle.h; sourceTree = "<group>"; };
		B60D3A4821782BFD0099547D /* KEPRTActivityToggle.m */ = {isa = PBXFileReference; fileEncoding = 4; lastKnownFileType = sourcecode.c.objc; path = KEPRTActivityToggle.m; sourceTree = "<group>"; };
		B60D3A4E217838E80099547D /* TripDetailBaseHeaderCell.h */ = {isa = PBXFileReference; lastKnownFileType = sourcecode.c.h; path = TripDetailBaseHeaderCell.h; sourceTree = "<group>"; };
		B60D3A4F217838E80099547D /* TripDetailBaseHeaderCell.m */ = {isa = PBXFileReference; lastKnownFileType = sourcecode.c.objc; path = TripDetailBaseHeaderCell.m; sourceTree = "<group>"; };
		B60D3A5521783F410099547D /* KEPEntryPhotoAndVideoView.m */ = {isa = PBXFileReference; fileEncoding = 4; lastKnownFileType = sourcecode.c.objc; path = KEPEntryPhotoAndVideoView.m; sourceTree = "<group>"; };
		B60D3A5721783F410099547D /* KEPTimelineEntryCell.m */ = {isa = PBXFileReference; fileEncoding = 4; lastKnownFileType = sourcecode.c.objc; path = KEPTimelineEntryCell.m; sourceTree = "<group>"; };
		B60D3A5821783F410099547D /* KEPEntryMetaAndCardView.m */ = {isa = PBXFileReference; fileEncoding = 4; lastKnownFileType = sourcecode.c.objc; path = KEPEntryMetaAndCardView.m; sourceTree = "<group>"; };
		B60D3A5921783F410099547D /* KEPEntryTextView.m */ = {isa = PBXFileReference; fileEncoding = 4; lastKnownFileType = sourcecode.c.objc; path = KEPEntryTextView.m; sourceTree = "<group>"; };
		B60D3A5A21783F410099547D /* KEPTimelineEntryCellHelper.m */ = {isa = PBXFileReference; fileEncoding = 4; lastKnownFileType = sourcecode.c.objc; path = KEPTimelineEntryCellHelper.m; sourceTree = "<group>"; };
		B60D3A5B21783F410099547D /* KEPEntryMultiPhotosView.m */ = {isa = PBXFileReference; fileEncoding = 4; lastKnownFileType = sourcecode.c.objc; path = KEPEntryMultiPhotosView.m; sourceTree = "<group>"; };
		B60D3A5C21783F410099547D /* KEPEntryHeaderView.m */ = {isa = PBXFileReference; fileEncoding = 4; lastKnownFileType = sourcecode.c.objc; path = KEPEntryHeaderView.m; sourceTree = "<group>"; };
		B60D3A5D21783F410099547D /* KEPEntryPhotoAndVideoView.h */ = {isa = PBXFileReference; fileEncoding = 4; lastKnownFileType = sourcecode.c.h; path = KEPEntryPhotoAndVideoView.h; sourceTree = "<group>"; };
		B60D3A5E21783F410099547D /* KEPTimelineEntryCell.h */ = {isa = PBXFileReference; fileEncoding = 4; lastKnownFileType = sourcecode.c.h; path = KEPTimelineEntryCell.h; sourceTree = "<group>"; };
		B60D3A6021783F410099547D /* KEPEntryMultiPhotosView.h */ = {isa = PBXFileReference; fileEncoding = 4; lastKnownFileType = sourcecode.c.h; path = KEPEntryMultiPhotosView.h; sourceTree = "<group>"; };
		B60D3A6121783F410099547D /* KEPTimelineEntryCellHelper.h */ = {isa = PBXFileReference; fileEncoding = 4; lastKnownFileType = sourcecode.c.h; path = KEPTimelineEntryCellHelper.h; sourceTree = "<group>"; };
		B60D3A6221783F410099547D /* KEPEntryTextView.h */ = {isa = PBXFileReference; fileEncoding = 4; lastKnownFileType = sourcecode.c.h; path = KEPEntryTextView.h; sourceTree = "<group>"; };
		B60D3A6321783F410099547D /* KEPEntryMetaAndCardView.h */ = {isa = PBXFileReference; fileEncoding = 4; lastKnownFileType = sourcecode.c.h; path = KEPEntryMetaAndCardView.h; sourceTree = "<group>"; };
		B60D3A6421783F410099547D /* KEPEntryHeaderView.h */ = {isa = PBXFileReference; fileEncoding = 4; lastKnownFileType = sourcecode.c.h; path = KEPEntryHeaderView.h; sourceTree = "<group>"; };
		B60D3A6621783F410099547D /* KEPBaseEntryCell.h */ = {isa = PBXFileReference; fileEncoding = 4; lastKnownFileType = sourcecode.c.h; path = KEPBaseEntryCell.h; sourceTree = "<group>"; };
		B60D3A6721783F410099547D /* KEPBaseEntryCell+Helper.h */ = {isa = PBXFileReference; fileEncoding = 4; lastKnownFileType = sourcecode.c.h; path = "KEPBaseEntryCell+Helper.h"; sourceTree = "<group>"; };
		B60D3A6821783F410099547D /* KEPBaseEntryCell.m */ = {isa = PBXFileReference; fileEncoding = 4; lastKnownFileType = sourcecode.c.objc; path = KEPBaseEntryCell.m; sourceTree = "<group>"; };
		B60D3A6921783F410099547D /* KEPBaseEntryCell+Helper.m */ = {isa = PBXFileReference; fileEncoding = 4; lastKnownFileType = sourcecode.c.objc; path = "KEPBaseEntryCell+Helper.m"; sourceTree = "<group>"; };
		B60D3A742178529C0099547D /* FlexiblePageControl.swift */ = {isa = PBXFileReference; lastKnownFileType = sourcecode.swift; path = FlexiblePageControl.swift; sourceTree = "<group>"; };
		B60D3A7F2178BE590099547D /* TripDetailRequester.h */ = {isa = PBXFileReference; lastKnownFileType = sourcecode.c.h; path = TripDetailRequester.h; sourceTree = "<group>"; };
		B60D3A802178BE590099547D /* TripDetailRequester.m */ = {isa = PBXFileReference; lastKnownFileType = sourcecode.c.objc; path = TripDetailRequester.m; sourceTree = "<group>"; };
		B60D3A842178DAB60099547D /* group.plist */ = {isa = PBXFileReference; fileEncoding = 4; lastKnownFileType = text.plist.xml; path = group.plist; sourceTree = "<group>"; };
		B60D3A892178E1EA0099547D /* CKAnnotationTree.h */ = {isa = PBXFileReference; fileEncoding = 4; lastKnownFileType = sourcecode.c.h; path = CKAnnotationTree.h; sourceTree = "<group>"; };
		B60D3A8A2178E1EA0099547D /* CKQuadTree.h */ = {isa = PBXFileReference; fileEncoding = 4; lastKnownFileType = sourcecode.c.h; path = CKQuadTree.h; sourceTree = "<group>"; };
		B60D3A8B2178E1EA0099547D /* CKQuadTree.m */ = {isa = PBXFileReference; fileEncoding = 4; lastKnownFileType = sourcecode.c.objc; path = CKQuadTree.m; sourceTree = "<group>"; };
		B60D3A8C2178E1EA0099547D /* CKMap.h */ = {isa = PBXFileReference; fileEncoding = 4; lastKnownFileType = sourcecode.c.h; path = CKMap.h; sourceTree = "<group>"; };
		B60D3A8D2178E1EA0099547D /* CKClusterManager.m */ = {isa = PBXFileReference; fileEncoding = 4; lastKnownFileType = sourcecode.c.objc; path = CKClusterManager.m; sourceTree = "<group>"; };
		B60D3A8E2178E1EA0099547D /* CKCluster.m */ = {isa = PBXFileReference; fileEncoding = 4; lastKnownFileType = sourcecode.c.objc; path = CKCluster.m; sourceTree = "<group>"; };
		B60D3A902178E1EA0099547D /* CKNonHierarchicalDistanceBasedAlgorithm.h */ = {isa = PBXFileReference; fileEncoding = 4; lastKnownFileType = sourcecode.c.h; path = CKNonHierarchicalDistanceBasedAlgorithm.h; sourceTree = "<group>"; };
		B60D3A912178E1EA0099547D /* CKGridBasedAlgorithm.m */ = {isa = PBXFileReference; fileEncoding = 4; lastKnownFileType = sourcecode.c.objc; path = CKGridBasedAlgorithm.m; sourceTree = "<group>"; };
		B60D3A922178E1EA0099547D /* CKClusterAlgorithm.m */ = {isa = PBXFileReference; fileEncoding = 4; lastKnownFileType = sourcecode.c.objc; path = CKClusterAlgorithm.m; sourceTree = "<group>"; };
		B60D3A932178E1EA0099547D /* CKNonHierarchicalDistanceBasedAlgorithm.m */ = {isa = PBXFileReference; fileEncoding = 4; lastKnownFileType = sourcecode.c.objc; path = CKNonHierarchicalDistanceBasedAlgorithm.m; sourceTree = "<group>"; };
		B60D3A942178E1EA0099547D /* CKClusterAlgorithm.h */ = {isa = PBXFileReference; fileEncoding = 4; lastKnownFileType = sourcecode.c.h; path = CKClusterAlgorithm.h; sourceTree = "<group>"; };
		B60D3A952178E1EA0099547D /* CKGridBasedAlgorithm.h */ = {isa = PBXFileReference; fileEncoding = 4; lastKnownFileType = sourcecode.c.h; path = CKGridBasedAlgorithm.h; sourceTree = "<group>"; };
		B60D3A962178E1EA0099547D /* CKCluster.h */ = {isa = PBXFileReference; fileEncoding = 4; lastKnownFileType = sourcecode.c.h; path = CKCluster.h; sourceTree = "<group>"; };
		B60D3A972178E1EA0099547D /* CKClusterManager.h */ = {isa = PBXFileReference; fileEncoding = 4; lastKnownFileType = sourcecode.c.h; path = CKClusterManager.h; sourceTree = "<group>"; };
		B60D3A9F2178E1EA0099547D /* MGLMapView+ClusterKit.m */ = {isa = PBXFileReference; fileEncoding = 4; lastKnownFileType = sourcecode.c.objc; path = "MGLMapView+ClusterKit.m"; sourceTree = "<group>"; };
		B60D3AA02178E1EA0099547D /* MGLMapView+ClusterKit.h */ = {isa = PBXFileReference; fileEncoding = 4; lastKnownFileType = sourcecode.c.h; path = "MGLMapView+ClusterKit.h"; sourceTree = "<group>"; };
		B60D3AA12178E1EA0099547D /* ClusterKit.h */ = {isa = PBXFileReference; fileEncoding = 4; lastKnownFileType = sourcecode.c.h; path = ClusterKit.h; sourceTree = "<group>"; };
		B60D3AAB2178EF460099547D /* MKAnnotation+TripDetail.h */ = {isa = PBXFileReference; lastKnownFileType = sourcecode.c.h; path = "MKAnnotation+TripDetail.h"; sourceTree = "<group>"; };
		B60D3AAC2178EF460099547D /* MKAnnotation+TripDetail.m */ = {isa = PBXFileReference; lastKnownFileType = sourcecode.c.objc; path = "MKAnnotation+TripDetail.m"; sourceTree = "<group>"; };
		B6DFCEA321775FEA00C47258 /* TripDetailViewController.h */ = {isa = PBXFileReference; lastKnownFileType = sourcecode.c.h; path = TripDetailViewController.h; sourceTree = "<group>"; };
		B6DFCEA421775FEA00C47258 /* TripDetailViewController.m */ = {isa = PBXFileReference; lastKnownFileType = sourcecode.c.objc; path = TripDetailViewController.m; sourceTree = "<group>"; };
		B6DFCEA621775FFA00C47258 /* TripDetailViewModel.h */ = {isa = PBXFileReference; lastKnownFileType = sourcecode.c.h; path = TripDetailViewModel.h; sourceTree = "<group>"; };
		B6DFCEA721775FFA00C47258 /* TripDetailViewModel.m */ = {isa = PBXFileReference; lastKnownFileType = sourcecode.c.objc; path = TripDetailViewModel.m; sourceTree = "<group>"; };
		B6DFCEA9217760C800C47258 /* KEPOutdoorActivitySummaryMGLMapView.m */ = {isa = PBXFileReference; fileEncoding = 4; lastKnownFileType = sourcecode.c.objc; path = KEPOutdoorActivitySummaryMGLMapView.m; sourceTree = "<group>"; };
		B6DFCEAA217760C800C47258 /* KEPOutdoorActivitySummaryMGLMapView.h */ = {isa = PBXFileReference; fileEncoding = 4; lastKnownFileType = sourcecode.c.h; path = KEPOutdoorActivitySummaryMGLMapView.h; sourceTree = "<group>"; };
		B6DFCEAC217762C400C47258 /* TripDetailMapViewModel.h */ = {isa = PBXFileReference; lastKnownFileType = sourcecode.c.h; path = TripDetailMapViewModel.h; sourceTree = "<group>"; };
		B6DFCEAD217762C400C47258 /* TripDetailMapViewModel.m */ = {isa = PBXFileReference; lastKnownFileType = sourcecode.c.objc; path = TripDetailMapViewModel.m; sourceTree = "<group>"; };
		B6DFCEAF217764E700C47258 /* TripDetailCarouseView.h */ = {isa = PBXFileReference; lastKnownFileType = sourcecode.c.h; path = TripDetailCarouseView.h; sourceTree = "<group>"; };
		B6DFCEB0217764E700C47258 /* TripDetailCarouseView.m */ = {isa = PBXFileReference; lastKnownFileType = sourcecode.c.objc; path = TripDetailCarouseView.m; sourceTree = "<group>"; };
		B6DFCEB22177652000C47258 /* TripDetailCarouseViewModel.h */ = {isa = PBXFileReference; lastKnownFileType = sourcecode.c.h; path = TripDetailCarouseViewModel.h; sourceTree = "<group>"; };
		B6DFCEB32177652000C47258 /* TripDetailCarouseViewModel.m */ = {isa = PBXFileReference; lastKnownFileType = sourcecode.c.objc; path = TripDetailCarouseViewModel.m; sourceTree = "<group>"; };
		B6DFCEB52177656F00C47258 /* TripDetailModel.h */ = {isa = PBXFileReference; lastKnownFileType = sourcecode.c.h; path = TripDetailModel.h; sourceTree = "<group>"; };
		B6DFCEB62177656F00C47258 /* TripDetailModel.m */ = {isa = PBXFileReference; lastKnownFileType = sourcecode.c.objc; path = TripDetailModel.m; sourceTree = "<group>"; };
		B6DFCEB8217765BF00C47258 /* TripPenetrateBaseViewModel.h */ = {isa = PBXFileReference; lastKnownFileType = sourcecode.c.h; path = TripPenetrateBaseViewModel.h; sourceTree = "<group>"; };
		B6DFCEB9217765BF00C47258 /* TripPenetrateBaseViewModel.m */ = {isa = PBXFileReference; lastKnownFileType = sourcecode.c.objc; path = TripPenetrateBaseViewModel.m; sourceTree = "<group>"; };
		B6DFCEBB2177677200C47258 /* TripDetailTableView.h */ = {isa = PBXFileReference; lastKnownFileType = sourcecode.c.h; path = TripDetailTableView.h; sourceTree = "<group>"; };
		B6DFCEBC2177677200C47258 /* TripDetailTableView.m */ = {isa = PBXFileReference; lastKnownFileType = sourcecode.c.objc; path = TripDetailTableView.m; sourceTree = "<group>"; };
		B6DFCEBE217767A300C47258 /* TripDetailTableViewModel.h */ = {isa = PBXFileReference; lastKnownFileType = sourcecode.c.h; path = TripDetailTableViewModel.h; sourceTree = "<group>"; };
		B6DFCEBF217767A300C47258 /* TripDetailTableViewModel.m */ = {isa = PBXFileReference; lastKnownFileType = sourcecode.c.objc; path = TripDetailTableViewModel.m; sourceTree = "<group>"; };
		B6DFCEC12177757500C47258 /* TripDetailHeader.h */ = {isa = PBXFileReference; lastKnownFileType = sourcecode.c.h; path = TripDetailHeader.h; sourceTree = "<group>"; };
		B6DFCEC2217776DE00C47258 /* UIView+KEP_OutdoorActivity.m */ = {isa = PBXFileReference; fileEncoding = 4; lastKnownFileType = sourcecode.c.objc; path = "UIView+KEP_OutdoorActivity.m"; sourceTree = "<group>"; };
		B6DFCEC3217776DE00C47258 /* UIView+KEP_OutdoorActivity.h */ = {isa = PBXFileReference; fileEncoding = 4; lastKnownFileType = sourcecode.c.h; path = "UIView+KEP_OutdoorActivity.h"; sourceTree = "<group>"; };
		D81ED50558BD9F19085B2840 /* Pods-Passport.release.xcconfig */ = {isa = PBXFileReference; includeInIndex = 1; lastKnownFileType = text.xcconfig; name = "Pods-Passport.release.xcconfig"; path = "Pods/Target Support Files/Pods-Passport/Pods-Passport.release.xcconfig"; sourceTree = "<group>"; };
		D84DC95F2178B6CB00BD0A73 /* KPESchduleConfirmProgressView.h */ = {isa = PBXFileReference; fileEncoding = 4; lastKnownFileType = sourcecode.c.h; path = KPESchduleConfirmProgressView.h; sourceTree = "<group>"; };
		D84DC9602178B6CB00BD0A73 /* KPESchduleConfirmProgressView.m */ = {isa = PBXFileReference; fileEncoding = 4; lastKnownFileType = sourcecode.c.objc; path = KPESchduleConfirmProgressView.m; sourceTree = "<group>"; };
		D84DC9622178BF2300BD0A73 /* hash.json */ = {isa = PBXFileReference; fileEncoding = 4; lastKnownFileType = text.json; path = hash.json; sourceTree = "<group>"; };
		D84DC9642178BF8E00BD0A73 /* HashCityData.swift */ = {isa = PBXFileReference; lastKnownFileType = sourcecode.swift; path = HashCityData.swift; sourceTree = "<group>"; };
		D855BC18217899700028A8EE /* UploadData.swift */ = {isa = PBXFileReference; lastKnownFileType = sourcecode.swift; path = UploadData.swift; sourceTree = "<group>"; };
		D87DDF2321774D6F002D1D99 /* PhotoListTableViewController.swift */ = {isa = PBXFileReference; lastKnownFileType = sourcecode.swift; path = PhotoListTableViewController.swift; sourceTree = "<group>"; };
		D87DDF2521776809002D1D99 /* PHPersonHandler.h */ = {isa = PBXFileReference; lastKnownFileType = sourcecode.c.h; path = PHPersonHandler.h; sourceTree = "<group>"; };
		D87DDF2621776809002D1D99 /* PHPersonHandler.m */ = {isa = PBXFileReference; lastKnownFileType = sourcecode.c.objc; path = PHPersonHandler.m; sourceTree = "<group>"; };
		D87DDF282177687F002D1D99 /* PHPerson.h */ = {isa = PBXFileReference; fileEncoding = 4; lastKnownFileType = sourcecode.c.h; path = PHPerson.h; sourceTree = "<group>"; };
		D87DDF2921777004002D1D99 /* Geohash.swift */ = {isa = PBXFileReference; fileEncoding = 4; lastKnownFileType = sourcecode.swift; path = Geohash.swift; sourceTree = "<group>"; };
		D87DDF2B21777984002D1D99 /* PhotoHashData.swift */ = {isa = PBXFileReference; lastKnownFileType = sourcecode.swift; path = PhotoHashData.swift; sourceTree = "<group>"; };
		D87DDF2D2177832E002D1D99 /* DateUtil.swift */ = {isa = PBXFileReference; lastKnownFileType = sourcecode.swift; path = DateUtil.swift; sourceTree = "<group>"; };
		D87DDF2F21781875002D1D99 /* Earth.mp4 */ = {isa = PBXFileReference; lastKnownFileType = file; path = Earth.mp4; sourceTree = "<group>"; };
		D87DDF3121781C63002D1D99 /* KEPWelcomeVideoView.h */ = {isa = PBXFileReference; fileEncoding = 4; lastKnownFileType = sourcecode.c.h; path = KEPWelcomeVideoView.h; sourceTree = "<group>"; };
		D87DDF3221781C63002D1D99 /* KEPWelcomeVideoView.m */ = {isa = PBXFileReference; fileEncoding = 4; lastKnownFileType = sourcecode.c.objc; path = KEPWelcomeVideoView.m; sourceTree = "<group>"; };
		D87DDF3821781DA7002D1D99 /* ScreenUtil.swift */ = {isa = PBXFileReference; lastKnownFileType = sourcecode.swift; path = ScreenUtil.swift; sourceTree = "<group>"; };
		D87DDF3A217821B2002D1D99 /* LoginView.storyboard */ = {isa = PBXFileReference; lastKnownFileType = file.storyboard; path = LoginView.storyboard; sourceTree = "<group>"; };
		D87DDF3C217824E1002D1D99 /* LoginViewController.swift */ = {isa = PBXFileReference; lastKnownFileType = sourcecode.swift; path = LoginViewController.swift; sourceTree = "<group>"; };
		D87DDF3E2178252D002D1D99 /* ResourceUtil.swift */ = {isa = PBXFileReference; lastKnownFileType = sourcecode.swift; path = ResourceUtil.swift; sourceTree = "<group>"; };
		D87DDF41217825C7002D1D99 /* ScanPicViewController.swift */ = {isa = PBXFileReference; lastKnownFileType = sourcecode.swift; path = ScanPicViewController.swift; sourceTree = "<group>"; };
		D87DDF44217836B4002D1D99 /* KeyBoardExt.swift */ = {isa = PBXFileReference; lastKnownFileType = sourcecode.swift; name = KeyBoardExt.swift; path = Passport/Assets.xcassets/KeyBoardExt.swift; sourceTree = SOURCE_ROOT; };
		D87DDF462178399D002D1D99 /* HttpApi.swift */ = {isa = PBXFileReference; lastKnownFileType = sourcecode.swift; path = HttpApi.swift; sourceTree = "<group>"; };
		D87DDF4821783ED0002D1D99 /* LoginData.swift */ = {isa = PBXFileReference; lastKnownFileType = sourcecode.swift; path = LoginData.swift; sourceTree = "<group>"; };
		D8C998992178638F00570F75 /* PrepareViewController.swift */ = {isa = PBXFileReference; lastKnownFileType = sourcecode.swift; path = PrepareViewController.swift; sourceTree = "<group>"; };
		D8C9989D21786A8E00570F75 /* ColorUtils.swift */ = {isa = PBXFileReference; lastKnownFileType = sourcecode.swift; path = ColorUtils.swift; sourceTree = "<group>"; };
		D8DE7DE62176DBCD004F1A95 /* Passport.app */ = {isa = PBXFileReference; explicitFileType = wrapper.application; includeInIndex = 0; path = Passport.app; sourceTree = BUILT_PRODUCTS_DIR; };
		D8DE7DE92176DBCD004F1A95 /* PAppDelegate.swift */ = {isa = PBXFileReference; lastKnownFileType = sourcecode.swift; path = PAppDelegate.swift; sourceTree = "<group>"; };
		D8DE7DEB2176DBCD004F1A95 /* StatsViewController.swift */ = {isa = PBXFileReference; lastKnownFileType = sourcecode.swift; path = StatsViewController.swift; sourceTree = "<group>"; };
		D8DE7DF02176DBCD004F1A95 /* Base */ = {isa = PBXFileReference; lastKnownFileType = file.storyboard; name = Base; path = Base.lproj/Main.storyboard; sourceTree = "<group>"; };
		D8DE7DF22176DBCF004F1A95 /* Assets.xcassets */ = {isa = PBXFileReference; lastKnownFileType = folder.assetcatalog; path = Assets.xcassets; sourceTree = "<group>"; };
		D8DE7DF52176DBCF004F1A95 /* Base */ = {isa = PBXFileReference; lastKnownFileType = file.storyboard; name = Base; path = Base.lproj/LaunchScreen.storyboard; sourceTree = "<group>"; };
		D8DE7DF72176DBCF004F1A95 /* Info.plist */ = {isa = PBXFileReference; lastKnownFileType = text.plist.xml; path = Info.plist; sourceTree = "<group>"; };
		D8DE7DFC2176DBCF004F1A95 /* PassportTests.xctest */ = {isa = PBXFileReference; explicitFileType = wrapper.cfbundle; includeInIndex = 0; path = PassportTests.xctest; sourceTree = BUILT_PRODUCTS_DIR; };
		D8DE7E002176DBCF004F1A95 /* PassportTests.swift */ = {isa = PBXFileReference; lastKnownFileType = sourcecode.swift; path = PassportTests.swift; sourceTree = "<group>"; };
		D8DE7E022176DBCF004F1A95 /* Info.plist */ = {isa = PBXFileReference; lastKnownFileType = text.plist.xml; path = Info.plist; sourceTree = "<group>"; };
		D8DE7E072176DBCF004F1A95 /* PassportUITests.xctest */ = {isa = PBXFileReference; explicitFileType = wrapper.cfbundle; includeInIndex = 0; path = PassportUITests.xctest; sourceTree = BUILT_PRODUCTS_DIR; };
		D8DE7E0B2176DBCF004F1A95 /* PassportUITests.swift */ = {isa = PBXFileReference; lastKnownFileType = sourcecode.swift; path = PassportUITests.swift; sourceTree = "<group>"; };
		D8DE7E0D2176DBCF004F1A95 /* Info.plist */ = {isa = PBXFileReference; lastKnownFileType = text.plist.xml; path = Info.plist; sourceTree = "<group>"; };
		D8DE7E192176DD08004F1A95 /* GroupsTableViewController.swift */ = {isa = PBXFileReference; lastKnownFileType = sourcecode.swift; path = GroupsTableViewController.swift; sourceTree = "<group>"; };
		D8DE7E1C2176DD29004F1A95 /* Passport-Bridging-Header.h */ = {isa = PBXFileReference; lastKnownFileType = sourcecode.c.h; path = "Passport-Bridging-Header.h"; sourceTree = "<group>"; };
		D8DE7E1D2176DD29004F1A95 /* Dummy.h */ = {isa = PBXFileReference; lastKnownFileType = sourcecode.c.h; path = Dummy.h; sourceTree = "<group>"; };
		D8DE7E1E2176DD29004F1A95 /* Dummy.m */ = {isa = PBXFileReference; lastKnownFileType = sourcecode.c.objc; path = Dummy.m; sourceTree = "<group>"; };
		D8DE7E202176DD65004F1A95 /* WelcomeViewController.swift */ = {isa = PBXFileReference; lastKnownFileType = sourcecode.swift; path = WelcomeViewController.swift; sourceTree = "<group>"; };
		D8DE7E222176DD97004F1A95 /* CustomTabBarViewController.swift */ = {isa = PBXFileReference; lastKnownFileType = sourcecode.swift; path = CustomTabBarViewController.swift; sourceTree = "<group>"; };
		D8DE7E242176E014004F1A95 /* PhotoScanProcessor.swift */ = {isa = PBXFileReference; lastKnownFileType = sourcecode.swift; path = PhotoScanProcessor.swift; sourceTree = "<group>"; };
		D8DE7E262177386D004F1A95 /* PhotoMeta.swift */ = {isa = PBXFileReference; lastKnownFileType = sourcecode.swift; path = PhotoMeta.swift; sourceTree = "<group>"; };
		D8DE7E28217738DC004F1A95 /* Photos.framework */ = {isa = PBXFileReference; lastKnownFileType = wrapper.framework; name = Photos.framework; path = System/Library/Frameworks/Photos.framework; sourceTree = SDKROOT; };
		D8DE7E2A217738E0004F1A95 /* PhotosUI.framework */ = {isa = PBXFileReference; lastKnownFileType = wrapper.framework; name = PhotosUI.framework; path = System/Library/Frameworks/PhotosUI.framework; sourceTree = SDKROOT; };
		D8DE7E2C217738E6004F1A95 /* CoreLocation.framework */ = {isa = PBXFileReference; lastKnownFileType = wrapper.framework; name = CoreLocation.framework; path = System/Library/Frameworks/CoreLocation.framework; sourceTree = SDKROOT; };
		DA75463309D45B247FA54779 /* Pods-Passport.debug.xcconfig */ = {isa = PBXFileReference; includeInIndex = 1; lastKnownFileType = text.xcconfig; name = "Pods-Passport.debug.xcconfig"; path = "Pods/Target Support Files/Pods-Passport/Pods-Passport.debug.xcconfig"; sourceTree = "<group>"; };
		E31A6E945B6B96DAF96654F0 /* Pods-PassportTests.debug.xcconfig */ = {isa = PBXFileReference; includeInIndex = 1; lastKnownFileType = text.xcconfig; name = "Pods-PassportTests.debug.xcconfig"; path = "Pods/Target Support Files/Pods-PassportTests/Pods-PassportTests.debug.xcconfig"; sourceTree = "<group>"; };
/* End PBXFileReference section */

/* Begin PBXFrameworksBuildPhase section */
		D8DE7DE32176DBCD004F1A95 /* Frameworks */ = {
			isa = PBXFrameworksBuildPhase;
			buildActionMask = 2147483647;
			files = (
				D8DE7E2D217738E6004F1A95 /* CoreLocation.framework in Frameworks */,
				D8DE7E2B217738E0004F1A95 /* PhotosUI.framework in Frameworks */,
				D8DE7E29217738DC004F1A95 /* Photos.framework in Frameworks */,
				F395DA038C0E0B0FA582096E /* Pods_Passport.framework in Frameworks */,
			);
			runOnlyForDeploymentPostprocessing = 0;
		};
		D8DE7DF92176DBCF004F1A95 /* Frameworks */ = {
			isa = PBXFrameworksBuildPhase;
			buildActionMask = 2147483647;
			files = (
				73EE3E59A9F784FAAA1F37E8 /* Pods_PassportTests.framework in Frameworks */,
			);
			runOnlyForDeploymentPostprocessing = 0;
		};
		D8DE7E042176DBCF004F1A95 /* Frameworks */ = {
			isa = PBXFrameworksBuildPhase;
			buildActionMask = 2147483647;
			files = (
				7D2FCC4564F224EE972E5C9D /* Pods_PassportUITests.framework in Frameworks */,
			);
			runOnlyForDeploymentPostprocessing = 0;
		};
/* End PBXFrameworksBuildPhase section */

/* Begin PBXGroup section */
		3E2FD49721783AF000B7365B /* Stats */ = {
			isa = PBXGroup;
			children = (
				3E2FD49821783AF000B7365B /* Requester */,
				3E2FD49B21783AF000B7365B /* Subviews */,
				3E2FD4A121783AF000B7365B /* Model */,
			);
			path = Stats;
			sourceTree = "<group>";
		};
		3E2FD49821783AF000B7365B /* Requester */ = {
			isa = PBXGroup;
			children = (
				3E2FD49A21783AF000B7365B /* StatsRequester.h */,
				3E2FD49921783AF000B7365B /* StatsRequester.m */,
			);
			path = Requester;
			sourceTree = "<group>";
		};
		3E2FD49B21783AF000B7365B /* Subviews */ = {
			isa = PBXGroup;
			children = (
				3E2FD4A021783AF000B7365B /* StatsDataInsightCell.swift */,
				3E2FD49C21783AF000B7365B /* StatsGazeWorldCell.swift */,
				3E2FD49F21783AF000B7365B /* StatsPoetryDistanceCell.swift */,
				3E2FD49D21783AF000B7365B /* StatsProfileHeaderView.swift */,
				3E2FD49E21783AF000B7365B /* StatsTomorrowCell.swift */,
				3E690D712178E256004B7094 /* StatsBaseCell.swift */,
			);
			path = Subviews;
			sourceTree = "<group>";
		};
		3E2FD4A121783AF000B7365B /* Model */ = {
			isa = PBXGroup;
			children = (
				3E2FD4A221783AF000B7365B /* StatsModel.h */,
				3E2FD4A321783AF000B7365B /* StatsModel.m */,
			);
			path = Model;
			sourceTree = "<group>";
		};
		3E2FD4B9217877C300B7365B /* Resources */ = {
			isa = PBXGroup;
			children = (
				3E2FD4BA217877C300B7365B /* Font */,
			);
			path = Resources;
			sourceTree = "<group>";
		};
		3E2FD4BA217877C300B7365B /* Font */ = {
			isa = PBXGroup;
			children = (
				3E2FD4BB217877C300B7365B /* TradeGothicLTStd.otf */,
				3E2FD4BC217877C300B7365B /* SF-Pro-Display-Regular.otf */,
				3E2FD4BD217877C300B7365B /* SF-Pro-Display-Bold.otf */,
				3E2FD4BE217877C300B7365B /* ArchivoNarrow-Regular.otf */,
				3E2FD4BF217877C300B7365B /* Padaloma-Italic.ttf */,
				3E2FD4C0217877C300B7365B /* SF-Pro-Display-Semibold.otf */,
				3E2FD4C1217877C300B7365B /* SF-Pro-Text-Regular.otf */,
				3E2FD4C2217877C300B7365B /* SF-Pro-Text-Bold.otf */,
				3E2FD4C3217877C300B7365B /* Keep_font.ttf */,
				3E2FD4C4217877C300B7365B /* Keeprun_font_mac.ttf */,
				3E2FD4C5217877C300B7365B /* SF-Pro-Text-Semibold.otf */,
				3E2FD4C6217877C300B7365B /* ArchivoNarrow-Bold.otf */,
			);
			path = Font;
			sourceTree = "<group>";
		};
		3E79D2132178C82000049C16 /* Trips */ = {
			isa = PBXGroup;
			children = (
				3E79D2242178C97000049C16 /* Subviews */,
				3E79D2142178C82000049C16 /* Requester */,
				3E79D21A2178C82000049C16 /* Model */,
			);
			path = Trips;
			sourceTree = "<group>";
		};
		3E79D2142178C82000049C16 /* Requester */ = {
			isa = PBXGroup;
			children = (
				3E79D2152178C82000049C16 /* TripsRequester.h */,
				3E79D2162178C82000049C16 /* TripsRequester.m */,
			);
			path = Requester;
			sourceTree = "<group>";
		};
		3E79D21A2178C82000049C16 /* Model */ = {
			isa = PBXGroup;
			children = (
				3E79D21B2178C82000049C16 /* TripsModel.h */,
				3E79D21C2178C82000049C16 /* TripsModel.m */,
			);
			path = Model;
			sourceTree = "<group>";
		};
		3E79D2242178C97000049C16 /* Subviews */ = {
			isa = PBXGroup;
			children = (
				3E79D22F2178C9FD00049C16 /* KEPHomeHeaderView.h */,
				3E79D2302178C9FD00049C16 /* KEPHomeHeaderView.m */,
				3E79D22C2178C9CA00049C16 /* KEPHomeView.h */,
				3E79D22D2178C9CA00049C16 /* KEPHomeView.m */,
				3E79D2252178C97000049C16 /* TripsHeaderView.swift */,
				3E79D2262178C97000049C16 /* TripsClipCell.swift */,
			);
			path = Subviews;
			sourceTree = "<group>";
		};
		A5602E467ABF972675DCF90A /* Frameworks */ = {
			isa = PBXGroup;
			children = (
				D8DE7E2C217738E6004F1A95 /* CoreLocation.framework */,
				D8DE7E2A217738E0004F1A95 /* PhotosUI.framework */,
				D8DE7E28217738DC004F1A95 /* Photos.framework */,
				AA47B98829EE2FB5FB7FEB14 /* Pods_Passport.framework */,
				2A4DFCF347104123E39DD01E /* Pods_PassportTests.framework */,
				30BF99830708E0187F01BCE9 /* Pods_PassportUITests.framework */,
			);
			name = Frameworks;
			sourceTree = "<group>";
		};
		B60D3A4A2178375A0099547D /* Carouse */ = {
			isa = PBXGroup;
			children = (
				B60D3A4C217838810099547D /* TableView */,
				B6DFCEAF217764E700C47258 /* TripDetailCarouseView.h */,
				B6DFCEB0217764E700C47258 /* TripDetailCarouseView.m */,
				B6DFCEB22177652000C47258 /* TripDetailCarouseViewModel.h */,
				B6DFCEB32177652000C47258 /* TripDetailCarouseViewModel.m */,
				B6DFCEB8217765BF00C47258 /* TripPenetrateBaseViewModel.h */,
				B6DFCEB9217765BF00C47258 /* TripPenetrateBaseViewModel.m */,
				B60D3A4721782BFD0099547D /* KEPRTActivityToggle.h */,
				B60D3A4821782BFD0099547D /* KEPRTActivityToggle.m */,
				B6DFCEC3217776DE00C47258 /* UIView+KEP_OutdoorActivity.h */,
				B6DFCEC2217776DE00C47258 /* UIView+KEP_OutdoorActivity.m */,
			);
			path = Carouse;
			sourceTree = "<group>";
		};
		B60D3A4B217837820099547D /* Map */ = {
			isa = PBXGroup;
			children = (
				B60D3A862178E1E90099547D /* ClusterKit */,
				B6DFCEAA217760C800C47258 /* KEPOutdoorActivitySummaryMGLMapView.h */,
				B6DFCEA9217760C800C47258 /* KEPOutdoorActivitySummaryMGLMapView.m */,
				B6DFCEAC217762C400C47258 /* TripDetailMapViewModel.h */,
				B6DFCEAD217762C400C47258 /* TripDetailMapViewModel.m */,
				B60D3AAB2178EF460099547D /* MKAnnotation+TripDetail.h */,
				B60D3AAC2178EF460099547D /* MKAnnotation+TripDetail.m */,
			);
			path = Map;
			sourceTree = "<group>";
		};
		B60D3A4C217838810099547D /* TableView */ = {
			isa = PBXGroup;
			children = (
				B60D3A5421783F410099547D /* Cell */,
				B6DFCEBB2177677200C47258 /* TripDetailTableView.h */,
				B6DFCEBC2177677200C47258 /* TripDetailTableView.m */,
				B6DFCEBE217767A300C47258 /* TripDetailTableViewModel.h */,
				B6DFCEBF217767A300C47258 /* TripDetailTableViewModel.m */,
				B60D3A41217823D40099547D /* TripDetailTableViewBaseDataSource.h */,
				B60D3A42217823D40099547D /* TripDetailTableViewBaseDataSource.m */,
				B60D3A44217824B60099547D /* TripDetailTableViewDataSource.h */,
				B60D3A45217824B60099547D /* TripDetailTableViewDataSource.m */,
			);
			path = TableView;
			sourceTree = "<group>";
		};
		B60D3A5421783F410099547D /* Cell */ = {
			isa = PBXGroup;
			children = (
				B60D3A742178529C0099547D /* FlexiblePageControl.swift */,
				B60D3A5E21783F410099547D /* KEPTimelineEntryCell.h */,
				B60D3A5721783F410099547D /* KEPTimelineEntryCell.m */,
				B60D3A6121783F410099547D /* KEPTimelineEntryCellHelper.h */,
				B60D3A5A21783F410099547D /* KEPTimelineEntryCellHelper.m */,
				B60D3A5D21783F410099547D /* KEPEntryPhotoAndVideoView.h */,
				B60D3A5521783F410099547D /* KEPEntryPhotoAndVideoView.m */,
				B60D3A6321783F410099547D /* KEPEntryMetaAndCardView.h */,
				B60D3A5821783F410099547D /* KEPEntryMetaAndCardView.m */,
				B60D3A6221783F410099547D /* KEPEntryTextView.h */,
				B60D3A5921783F410099547D /* KEPEntryTextView.m */,
				B60D3A6021783F410099547D /* KEPEntryMultiPhotosView.h */,
				B60D3A5B21783F410099547D /* KEPEntryMultiPhotosView.m */,
				B60D3A6421783F410099547D /* KEPEntryHeaderView.h */,
				B60D3A5C21783F410099547D /* KEPEntryHeaderView.m */,
				B60D3A6521783F410099547D /* Base */,
			);
			path = Cell;
			sourceTree = "<group>";
		};
		B60D3A6521783F410099547D /* Base */ = {
			isa = PBXGroup;
			children = (
				B60D3A4E217838E80099547D /* TripDetailBaseHeaderCell.h */,
				B60D3A4F217838E80099547D /* TripDetailBaseHeaderCell.m */,
				B60D3A6621783F410099547D /* KEPBaseEntryCell.h */,
				B60D3A6821783F410099547D /* KEPBaseEntryCell.m */,
				B60D3A6921783F410099547D /* KEPBaseEntryCell+Helper.m */,
				B60D3A6721783F410099547D /* KEPBaseEntryCell+Helper.h */,
			);
			path = Base;
			sourceTree = "<group>";
		};
		B60D3A7E2178BE380099547D /* Requester */ = {
			isa = PBXGroup;
			children = (
				B60D3A7F2178BE590099547D /* TripDetailRequester.h */,
				B60D3A802178BE590099547D /* TripDetailRequester.m */,
			);
			path = Requester;
			sourceTree = "<group>";
		};
		B60D3A862178E1E90099547D /* ClusterKit */ = {
			isa = PBXGroup;
			children = (
				B60D3A872178E1EA0099547D /* Core */,
				B60D3A9E2178E1EA0099547D /* Mapbox */,
				B60D3AA12178E1EA0099547D /* ClusterKit.h */,
			);
			path = ClusterKit;
			sourceTree = "<group>";
		};
		B60D3A872178E1EA0099547D /* Core */ = {
			isa = PBXGroup;
			children = (
				B60D3A8F2178E1EA0099547D /* Algorithm */,
				B60D3A882178E1EA0099547D /* Tree */,
				B60D3A8C2178E1EA0099547D /* CKMap.h */,
				B60D3A8D2178E1EA0099547D /* CKClusterManager.m */,
				B60D3A8E2178E1EA0099547D /* CKCluster.m */,
				B60D3A962178E1EA0099547D /* CKCluster.h */,
				B60D3A972178E1EA0099547D /* CKClusterManager.h */,
			);
			path = Core;
			sourceTree = "<group>";
		};
		B60D3A882178E1EA0099547D /* Tree */ = {
			isa = PBXGroup;
			children = (
				B60D3A892178E1EA0099547D /* CKAnnotationTree.h */,
				B60D3A8A2178E1EA0099547D /* CKQuadTree.h */,
				B60D3A8B2178E1EA0099547D /* CKQuadTree.m */,
			);
			path = Tree;
			sourceTree = "<group>";
		};
		B60D3A8F2178E1EA0099547D /* Algorithm */ = {
			isa = PBXGroup;
			children = (
				B60D3A902178E1EA0099547D /* CKNonHierarchicalDistanceBasedAlgorithm.h */,
				B60D3A912178E1EA0099547D /* CKGridBasedAlgorithm.m */,
				B60D3A922178E1EA0099547D /* CKClusterAlgorithm.m */,
				B60D3A932178E1EA0099547D /* CKNonHierarchicalDistanceBasedAlgorithm.m */,
				B60D3A942178E1EA0099547D /* CKClusterAlgorithm.h */,
				B60D3A952178E1EA0099547D /* CKGridBasedAlgorithm.h */,
			);
			path = Algorithm;
			sourceTree = "<group>";
		};
		B60D3A9E2178E1EA0099547D /* Mapbox */ = {
			isa = PBXGroup;
			children = (
				B60D3A9F2178E1EA0099547D /* MGLMapView+ClusterKit.m */,
				B60D3AA02178E1EA0099547D /* MGLMapView+ClusterKit.h */,
			);
			path = Mapbox;
			sourceTree = "<group>";
		};
		B6DFCEA221775E0C00C47258 /* TripDetail */ = {
			isa = PBXGroup;
			children = (
				B60D3A7E2178BE380099547D /* Requester */,
				B60D3A4B217837820099547D /* Map */,
				B60D3A4A2178375A0099547D /* Carouse */,
				B6DFCEA321775FEA00C47258 /* TripDetailViewController.h */,
				B6DFCEA421775FEA00C47258 /* TripDetailViewController.m */,
				B6DFCEA621775FFA00C47258 /* TripDetailViewModel.h */,
				B6DFCEA721775FFA00C47258 /* TripDetailViewModel.m */,
				B6DFCEB52177656F00C47258 /* TripDetailModel.h */,
				B6DFCEB62177656F00C47258 /* TripDetailModel.m */,
				B6DFCEC12177757500C47258 /* TripDetailHeader.h */,
			);
			path = TripDetail;
			sourceTree = "<group>";
		};
		C30204E7D9B71FD2EA94FEFF /* Pods */ = {
			isa = PBXGroup;
			children = (
				DA75463309D45B247FA54779 /* Pods-Passport.debug.xcconfig */,
				D81ED50558BD9F19085B2840 /* Pods-Passport.release.xcconfig */,
				E31A6E945B6B96DAF96654F0 /* Pods-PassportTests.debug.xcconfig */,
				40BB27FCD85F73018474EBAC /* Pods-PassportTests.release.xcconfig */,
				8A11E486CA3E7D15668A710F /* Pods-PassportUITests.debug.xcconfig */,
				826302745DFFF33B46F72147 /* Pods-PassportUITests.release.xcconfig */,
			);
			name = Pods;
			sourceTree = "<group>";
		};
		D87DDF3421781C8B002D1D99 /* Entity */ = {
			isa = PBXGroup;
			children = (
				D8DE7E262177386D004F1A95 /* PhotoMeta.swift */,
				D87DDF2B21777984002D1D99 /* PhotoHashData.swift */,
				D87DDF4821783ED0002D1D99 /* LoginData.swift */,
				D855BC18217899700028A8EE /* UploadData.swift */,
				D84DC9642178BF8E00BD0A73 /* HashCityData.swift */,
			);
			path = Entity;
			sourceTree = "<group>";
		};
		D87DDF3521781CA7002D1D99 /* SupportFiles */ = {
			isa = PBXGroup;
			children = (
				B60D3A842178DAB60099547D /* group.plist */,
				D84DC9622178BF2300BD0A73 /* hash.json */,
				D87DDF2F21781875002D1D99 /* Earth.mp4 */,
				D8DE7DF42176DBCF004F1A95 /* LaunchScreen.storyboard */,
				D8DE7E1D2176DD29004F1A95 /* Dummy.h */,
				D8DE7E1E2176DD29004F1A95 /* Dummy.m */,
				D8DE7E1C2176DD29004F1A95 /* Passport-Bridging-Header.h */,
			);
			path = SupportFiles;
			sourceTree = "<group>";
		};
		D87DDF3621781D55002D1D99 /* Core */ = {
			isa = PBXGroup;
			children = (
				D8DE7E242176E014004F1A95 /* PhotoScanProcessor.swift */,
				D87DDF2921777004002D1D99 /* Geohash.swift */,
				D87DDF282177687F002D1D99 /* PHPerson.h */,
				D87DDF2521776809002D1D99 /* PHPersonHandler.h */,
				D87DDF2621776809002D1D99 /* PHPersonHandler.m */,
			);
			path = Core;
			sourceTree = "<group>";
		};
		D87DDF3721781D66002D1D99 /* Views */ = {
			isa = PBXGroup;
			children = (
				D87DDF3121781C63002D1D99 /* KEPWelcomeVideoView.h */,
				D87DDF3221781C63002D1D99 /* KEPWelcomeVideoView.m */,
			);
			path = Views;
			sourceTree = "<group>";
		};
		D87DDF402178253D002D1D99 /* Util */ = {
			isa = PBXGroup;
			children = (
				3E690D752178F8FF004B7094 /* iPhoneX.swift */,
				D87DDF3821781DA7002D1D99 /* ScreenUtil.swift */,
				D87DDF2D2177832E002D1D99 /* DateUtil.swift */,
				D87DDF3E2178252D002D1D99 /* ResourceUtil.swift */,
				D87DDF44217836B4002D1D99 /* KeyBoardExt.swift */,
				D87DDF462178399D002D1D99 /* HttpApi.swift */,
				D8C9989D21786A8E00570F75 /* ColorUtils.swift */,
			);
			path = Util;
			sourceTree = "<group>";
		};
		D87DDF43217825CE002D1D99 /* Login */ = {
			isa = PBXGroup;
			children = (
				D84DC95F2178B6CB00BD0A73 /* KPESchduleConfirmProgressView.h */,
				D84DC9602178B6CB00BD0A73 /* KPESchduleConfirmProgressView.m */,
				D87DDF3C217824E1002D1D99 /* LoginViewController.swift */,
				D87DDF41217825C7002D1D99 /* ScanPicViewController.swift */,
				D8C998992178638F00570F75 /* PrepareViewController.swift */,
				3E690D732178EE78004B7094 /* AccountManager.swift */,
			);
			path = Login;
			sourceTree = "<group>";
		};
		D8DE7DDD2176DBCD004F1A95 = {
			isa = PBXGroup;
			children = (
				D8DE7DE82176DBCD004F1A95 /* Passport */,
				D8DE7DFF2176DBCF004F1A95 /* PassportTests */,
				D8DE7E0A2176DBCF004F1A95 /* PassportUITests */,
				D8DE7DE72176DBCD004F1A95 /* Products */,
				C30204E7D9B71FD2EA94FEFF /* Pods */,
				A5602E467ABF972675DCF90A /* Frameworks */,
			);
			sourceTree = "<group>";
		};
		D8DE7DE72176DBCD004F1A95 /* Products */ = {
			isa = PBXGroup;
			children = (
				D8DE7DE62176DBCD004F1A95 /* Passport.app */,
				D8DE7DFC2176DBCF004F1A95 /* PassportTests.xctest */,
				D8DE7E072176DBCF004F1A95 /* PassportUITests.xctest */,
			);
			name = Products;
			sourceTree = "<group>";
		};
		D8DE7DE82176DBCD004F1A95 /* Passport */ = {
			isa = PBXGroup;
			children = (
				3E2FD4B9217877C300B7365B /* Resources */,
				D8DE7DE92176DBCD004F1A95 /* PAppDelegate.swift */,
				D8DE7E1B2176DD0F004F1A95 /* ViewController */,
				D87DDF3521781CA7002D1D99 /* SupportFiles */,
				D87DDF3421781C8B002D1D99 /* Entity */,
				D87DDF3621781D55002D1D99 /* Core */,
				D87DDF402178253D002D1D99 /* Util */,
				D87DDF3A217821B2002D1D99 /* LoginView.storyboard */,
				D8DE7DEF2176DBCD004F1A95 /* Main.storyboard */,
				D8DE7DF22176DBCF004F1A95 /* Assets.xcassets */,
				D8DE7DF72176DBCF004F1A95 /* Info.plist */,
			);
			path = Passport;
			sourceTree = "<group>";
		};
		D8DE7DFF2176DBCF004F1A95 /* PassportTests */ = {
			isa = PBXGroup;
			children = (
				D8DE7E002176DBCF004F1A95 /* PassportTests.swift */,
				D8DE7E022176DBCF004F1A95 /* Info.plist */,
			);
			path = PassportTests;
			sourceTree = "<group>";
		};
		D8DE7E0A2176DBCF004F1A95 /* PassportUITests */ = {
			isa = PBXGroup;
			children = (
				D8DE7E0B2176DBCF004F1A95 /* PassportUITests.swift */,
				D8DE7E0D2176DBCF004F1A95 /* Info.plist */,
			);
			path = PassportUITests;
			sourceTree = "<group>";
		};
		D8DE7E1B2176DD0F004F1A95 /* ViewController */ = {
			isa = PBXGroup;
			children = (
				3E79D2132178C82000049C16 /* Trips */,
				3E2FD49721783AF000B7365B /* Stats */,
				D87DDF3721781D66002D1D99 /* Views */,
				D87DDF43217825CE002D1D99 /* Login */,
				B6DFCEA221775E0C00C47258 /* TripDetail */,
				D8DE7DEB2176DBCD004F1A95 /* StatsViewController.swift */,
				D8DE7E192176DD08004F1A95 /* GroupsTableViewController.swift */,
				D8DE7E202176DD65004F1A95 /* WelcomeViewController.swift */,
				D8DE7E222176DD97004F1A95 /* CustomTabBarViewController.swift */,
				D87DDF2321774D6F002D1D99 /* PhotoListTableViewController.swift */,
				3E79D2212178C93B00049C16 /* TripsViewController.h */,
				3E79D2222178C93B00049C16 /* TripsViewController.m */,
			);
			path = ViewController;
			sourceTree = "<group>";
		};
/* End PBXGroup section */

/* Begin PBXNativeTarget section */
		D8DE7DE52176DBCD004F1A95 /* Passport */ = {
			isa = PBXNativeTarget;
			buildConfigurationList = D8DE7E102176DBCF004F1A95 /* Build configuration list for PBXNativeTarget "Passport" */;
			buildPhases = (
				76B6B78491D5C5A9329DE188 /* [CP] Check Pods Manifest.lock */,
				D8DE7DE22176DBCD004F1A95 /* Sources */,
				D8DE7DE32176DBCD004F1A95 /* Frameworks */,
				D8DE7DE42176DBCD004F1A95 /* Resources */,
				AA0EE8049D741079D14FF1D7 /* [CP] Embed Pods Frameworks */,
				580204F8E89DB208EED4A6C1 /* [CP] Copy Pods Resources */,
			);
			buildRules = (
			);
			dependencies = (
			);
			name = Passport;
			productName = Passport;
			productReference = D8DE7DE62176DBCD004F1A95 /* Passport.app */;
			productType = "com.apple.product-type.application";
		};
		D8DE7DFB2176DBCF004F1A95 /* PassportTests */ = {
			isa = PBXNativeTarget;
			buildConfigurationList = D8DE7E132176DBCF004F1A95 /* Build configuration list for PBXNativeTarget "PassportTests" */;
			buildPhases = (
				DA287F602D76069A550A8031 /* [CP] Check Pods Manifest.lock */,
				D8DE7DF82176DBCF004F1A95 /* Sources */,
				D8DE7DF92176DBCF004F1A95 /* Frameworks */,
				D8DE7DFA2176DBCF004F1A95 /* Resources */,
			);
			buildRules = (
			);
			dependencies = (
				D8DE7DFE2176DBCF004F1A95 /* PBXTargetDependency */,
			);
			name = PassportTests;
			productName = PassportTests;
			productReference = D8DE7DFC2176DBCF004F1A95 /* PassportTests.xctest */;
			productType = "com.apple.product-type.bundle.unit-test";
		};
		D8DE7E062176DBCF004F1A95 /* PassportUITests */ = {
			isa = PBXNativeTarget;
			buildConfigurationList = D8DE7E162176DBCF004F1A95 /* Build configuration list for PBXNativeTarget "PassportUITests" */;
			buildPhases = (
				3B134D7D25C2CA2B743EAF98 /* [CP] Check Pods Manifest.lock */,
				D8DE7E032176DBCF004F1A95 /* Sources */,
				D8DE7E042176DBCF004F1A95 /* Frameworks */,
				D8DE7E052176DBCF004F1A95 /* Resources */,
			);
			buildRules = (
			);
			dependencies = (
				D8DE7E092176DBCF004F1A95 /* PBXTargetDependency */,
			);
			name = PassportUITests;
			productName = PassportUITests;
			productReference = D8DE7E072176DBCF004F1A95 /* PassportUITests.xctest */;
			productType = "com.apple.product-type.bundle.ui-testing";
		};
/* End PBXNativeTarget section */

/* Begin PBXProject section */
		D8DE7DDE2176DBCD004F1A95 /* Project object */ = {
			isa = PBXProject;
			attributes = {
				LastSwiftUpdateCheck = 1000;
				LastUpgradeCheck = 1000;
				ORGANIZATIONNAME = Passport;
				TargetAttributes = {
					D8DE7DE52176DBCD004F1A95 = {
						CreatedOnToolsVersion = 10.0;
						LastSwiftMigration = 1000;
					};
					D8DE7DFB2176DBCF004F1A95 = {
						CreatedOnToolsVersion = 10.0;
						TestTargetID = D8DE7DE52176DBCD004F1A95;
					};
					D8DE7E062176DBCF004F1A95 = {
						CreatedOnToolsVersion = 10.0;
						TestTargetID = D8DE7DE52176DBCD004F1A95;
					};
				};
			};
			buildConfigurationList = D8DE7DE12176DBCD004F1A95 /* Build configuration list for PBXProject "Passport" */;
			compatibilityVersion = "Xcode 9.3";
			developmentRegion = en;
			hasScannedForEncodings = 0;
			knownRegions = (
				en,
				Base,
			);
			mainGroup = D8DE7DDD2176DBCD004F1A95;
			productRefGroup = D8DE7DE72176DBCD004F1A95 /* Products */;
			projectDirPath = "";
			projectRoot = "";
			targets = (
				D8DE7DE52176DBCD004F1A95 /* Passport */,
				D8DE7DFB2176DBCF004F1A95 /* PassportTests */,
				D8DE7E062176DBCF004F1A95 /* PassportUITests */,
			);
		};
/* End PBXProject section */

/* Begin PBXResourcesBuildPhase section */
		D8DE7DE42176DBCD004F1A95 /* Resources */ = {
			isa = PBXResourcesBuildPhase;
			buildActionMask = 2147483647;
			files = (
				3E2FD4CF217877C300B7365B /* Keep_font.ttf in Resources */,
				3E2FD4C7217877C300B7365B /* TradeGothicLTStd.otf in Resources */,
				D8DE7DF62176DBCF004F1A95 /* LaunchScreen.storyboard in Resources */,
				3E2FD4CA217877C300B7365B /* ArchivoNarrow-Regular.otf in Resources */,
				3E2FD4D1217877C300B7365B /* SF-Pro-Text-Semibold.otf in Resources */,
				D8DE7DF32176DBCF004F1A95 /* Assets.xcassets in Resources */,
				3E2FD4D0217877C300B7365B /* Keeprun_font_mac.ttf in Resources */,
				D84DC9632178BF2300BD0A73 /* hash.json in Resources */,
				D87DDF3021781875002D1D99 /* Earth.mp4 in Resources */,
				3E2FD4CB217877C300B7365B /* Padaloma-Italic.ttf in Resources */,
				3E2FD4CD217877C300B7365B /* SF-Pro-Text-Regular.otf in Resources */,
				3E2FD4CE217877C300B7365B /* SF-Pro-Text-Bold.otf in Resources */,
				D8DE7DF12176DBCD004F1A95 /* Main.storyboard in Resources */,
				B60D3A852178DAB60099547D /* group.plist in Resources */,
				3E2FD4C8217877C300B7365B /* SF-Pro-Display-Regular.otf in Resources */,
				3E2FD4C9217877C300B7365B /* SF-Pro-Display-Bold.otf in Resources */,
				3E2FD4CC217877C300B7365B /* SF-Pro-Display-Semibold.otf in Resources */,
				D87DDF3B217821B2002D1D99 /* LoginView.storyboard in Resources */,
				3E2FD4D2217877C300B7365B /* ArchivoNarrow-Bold.otf in Resources */,
			);
			runOnlyForDeploymentPostprocessing = 0;
		};
		D8DE7DFA2176DBCF004F1A95 /* Resources */ = {
			isa = PBXResourcesBuildPhase;
			buildActionMask = 2147483647;
			files = (
			);
			runOnlyForDeploymentPostprocessing = 0;
		};
		D8DE7E052176DBCF004F1A95 /* Resources */ = {
			isa = PBXResourcesBuildPhase;
			buildActionMask = 2147483647;
			files = (
			);
			runOnlyForDeploymentPostprocessing = 0;
		};
/* End PBXResourcesBuildPhase section */

/* Begin PBXShellScriptBuildPhase section */
		3B134D7D25C2CA2B743EAF98 /* [CP] Check Pods Manifest.lock */ = {
			isa = PBXShellScriptBuildPhase;
			buildActionMask = 2147483647;
			files = (
			);
			inputPaths = (
				"${PODS_PODFILE_DIR_PATH}/Podfile.lock",
				"${PODS_ROOT}/Manifest.lock",
			);
			name = "[CP] Check Pods Manifest.lock";
			outputPaths = (
				"$(DERIVED_FILE_DIR)/Pods-PassportUITests-checkManifestLockResult.txt",
			);
			runOnlyForDeploymentPostprocessing = 0;
			shellPath = /bin/sh;
			shellScript = "diff \"${PODS_PODFILE_DIR_PATH}/Podfile.lock\" \"${PODS_ROOT}/Manifest.lock\" > /dev/null\nif [ $? != 0 ] ; then\n    # print error to STDERR\n    echo \"error: The sandbox is not in sync with the Podfile.lock. Run 'pod install' or update your CocoaPods installation.\" >&2\n    exit 1\nfi\n# This output is used by Xcode 'outputs' to avoid re-running this script phase.\necho \"SUCCESS\" > \"${SCRIPT_OUTPUT_FILE_0}\"\n";
			showEnvVarsInLog = 0;
		};
		580204F8E89DB208EED4A6C1 /* [CP] Copy Pods Resources */ = {
			isa = PBXShellScriptBuildPhase;
			buildActionMask = 2147483647;
			files = (
			);
			inputPaths = (
				"${SRCROOT}/Pods/Target Support Files/Pods-Passport/Pods-Passport-resources.sh",
				"${PODS_ROOT}/DateTools/DateTools/Assets/DateTools.bundle",
				"${PODS_ROOT}/KEPIntlCommonUI/KEPIntlCommonUI/KEPIntlCommonUI/KEPGradientNavigationView/KEPGradientNavigationView.xib",
				"${PODS_ROOT}/KEPIntlCommonUI/KEPIntlCommonUI/KEPIntlCommonUI/KEPIntlCommonUI.bundle",
				"${PODS_ROOT}/KEPSVProgressHUD/SVProgressHUD/SVProgressHUD.bundle",
			);
			name = "[CP] Copy Pods Resources";
			outputPaths = (
				"${TARGET_BUILD_DIR}/${UNLOCALIZED_RESOURCES_FOLDER_PATH}/DateTools.bundle",
				"${TARGET_BUILD_DIR}/${UNLOCALIZED_RESOURCES_FOLDER_PATH}/KEPGradientNavigationView.nib",
				"${TARGET_BUILD_DIR}/${UNLOCALIZED_RESOURCES_FOLDER_PATH}/KEPIntlCommonUI.bundle",
				"${TARGET_BUILD_DIR}/${UNLOCALIZED_RESOURCES_FOLDER_PATH}/SVProgressHUD.bundle",
			);
			runOnlyForDeploymentPostprocessing = 0;
			shellPath = /bin/sh;
			shellScript = "\"${SRCROOT}/Pods/Target Support Files/Pods-Passport/Pods-Passport-resources.sh\"\n";
			showEnvVarsInLog = 0;
		};
		76B6B78491D5C5A9329DE188 /* [CP] Check Pods Manifest.lock */ = {
			isa = PBXShellScriptBuildPhase;
			buildActionMask = 2147483647;
			files = (
			);
			inputPaths = (
				"${PODS_PODFILE_DIR_PATH}/Podfile.lock",
				"${PODS_ROOT}/Manifest.lock",
			);
			name = "[CP] Check Pods Manifest.lock";
			outputPaths = (
				"$(DERIVED_FILE_DIR)/Pods-Passport-checkManifestLockResult.txt",
			);
			runOnlyForDeploymentPostprocessing = 0;
			shellPath = /bin/sh;
			shellScript = "diff \"${PODS_PODFILE_DIR_PATH}/Podfile.lock\" \"${PODS_ROOT}/Manifest.lock\" > /dev/null\nif [ $? != 0 ] ; then\n    # print error to STDERR\n    echo \"error: The sandbox is not in sync with the Podfile.lock. Run 'pod install' or update your CocoaPods installation.\" >&2\n    exit 1\nfi\n# This output is used by Xcode 'outputs' to avoid re-running this script phase.\necho \"SUCCESS\" > \"${SCRIPT_OUTPUT_FILE_0}\"\n";
			showEnvVarsInLog = 0;
		};
		AA0EE8049D741079D14FF1D7 /* [CP] Embed Pods Frameworks */ = {
			isa = PBXShellScriptBuildPhase;
			buildActionMask = 2147483647;
			files = (
			);
			inputPaths = (
				"${SRCROOT}/Pods/Target Support Files/Pods-Passport/Pods-Passport-frameworks.sh",
				"${BUILT_PRODUCTS_DIR}/Alamofire/Alamofire.framework",
				"${PODS_ROOT}/Mapbox-iOS-SDK/dynamic/Mapbox.framework",
				"${PODS_ROOT}/Mapbox-iOS-SDK/dynamic/Mapbox.framework.dSYM",
				"${BUILT_PRODUCTS_DIR}/SnapKit/SnapKit.framework",
				"${BUILT_PRODUCTS_DIR}/Then/Then.framework",
				"${BUILT_PRODUCTS_DIR}/Toast-Swift/Toast_Swift.framework",
				"${BUILT_PRODUCTS_DIR}/iCarousel/iCarousel.framework",
			);
			name = "[CP] Embed Pods Frameworks";
			outputPaths = (
				"${TARGET_BUILD_DIR}/${FRAMEWORKS_FOLDER_PATH}/Alamofire.framework",
				"${TARGET_BUILD_DIR}/${FRAMEWORKS_FOLDER_PATH}/Mapbox.framework",
				"${DWARF_DSYM_FOLDER_PATH}/Mapbox.framework.dSYM",
				"${TARGET_BUILD_DIR}/${FRAMEWORKS_FOLDER_PATH}/SnapKit.framework",
				"${TARGET_BUILD_DIR}/${FRAMEWORKS_FOLDER_PATH}/Then.framework",
				"${TARGET_BUILD_DIR}/${FRAMEWORKS_FOLDER_PATH}/Toast_Swift.framework",
				"${TARGET_BUILD_DIR}/${FRAMEWORKS_FOLDER_PATH}/iCarousel.framework",
			);
			runOnlyForDeploymentPostprocessing = 0;
			shellPath = /bin/sh;
			shellScript = "\"${SRCROOT}/Pods/Target Support Files/Pods-Passport/Pods-Passport-frameworks.sh\"\n";
			showEnvVarsInLog = 0;
		};
		DA287F602D76069A550A8031 /* [CP] Check Pods Manifest.lock */ = {
			isa = PBXShellScriptBuildPhase;
			buildActionMask = 2147483647;
			files = (
			);
			inputPaths = (
				"${PODS_PODFILE_DIR_PATH}/Podfile.lock",
				"${PODS_ROOT}/Manifest.lock",
			);
			name = "[CP] Check Pods Manifest.lock";
			outputPaths = (
				"$(DERIVED_FILE_DIR)/Pods-PassportTests-checkManifestLockResult.txt",
			);
			runOnlyForDeploymentPostprocessing = 0;
			shellPath = /bin/sh;
			shellScript = "diff \"${PODS_PODFILE_DIR_PATH}/Podfile.lock\" \"${PODS_ROOT}/Manifest.lock\" > /dev/null\nif [ $? != 0 ] ; then\n    # print error to STDERR\n    echo \"error: The sandbox is not in sync with the Podfile.lock. Run 'pod install' or update your CocoaPods installation.\" >&2\n    exit 1\nfi\n# This output is used by Xcode 'outputs' to avoid re-running this script phase.\necho \"SUCCESS\" > \"${SCRIPT_OUTPUT_FILE_0}\"\n";
			showEnvVarsInLog = 0;
		};
/* End PBXShellScriptBuildPhase section */

/* Begin PBXSourcesBuildPhase section */
		D8DE7DE22176DBCD004F1A95 /* Sources */ = {
			isa = PBXSourcesBuildPhase;
			buildActionMask = 2147483647;
			files = (
				B60D3A7321783F410099547D /* KEPBaseEntryCell+Helper.m in Sources */,
				3E2FD4A721783AF000B7365B /* StatsTomorrowCell.swift in Sources */,
				D84DC9612178B6CB00BD0A73 /* KPESchduleConfirmProgressView.m in Sources */,
				3E79D2232178C93B00049C16 /* TripsViewController.m in Sources */,
				D8C9989E21786A8E00570F75 /* ColorUtils.swift in Sources */,
				D8DE7E272177386D004F1A95 /* PhotoMeta.swift in Sources */,
				B60D3A812178BE590099547D /* TripDetailRequester.m in Sources */,
				B6DFCEB1217764E700C47258 /* TripDetailCarouseView.m in Sources */,
				3E2FD4AA21783AF000B7365B /* StatsModel.m in Sources */,
				3E79D2282178C97000049C16 /* TripsClipCell.swift in Sources */,
				3E2FD4A821783AF000B7365B /* StatsPoetryDistanceCell.swift in Sources */,
				B60D3AAD2178EF460099547D /* MKAnnotation+TripDetail.m in Sources */,
				B6DFCEAB217760C800C47258 /* KEPOutdoorActivitySummaryMGLMapView.m in Sources */,
				B60D3A6C21783F410099547D /* KEPTimelineEntryCell.m in Sources */,
				D87DDF2421774D6F002D1D99 /* PhotoListTableViewController.swift in Sources */,
				3E2FD4A521783AF000B7365B /* StatsGazeWorldCell.swift in Sources */,
				D87DDF2A21777004002D1D99 /* Geohash.swift in Sources */,
				B60D3AA72178E1EA0099547D /* CKNonHierarchicalDistanceBasedAlgorithm.m in Sources */,
				D8DE7E1A2176DD08004F1A95 /* GroupsTableViewController.swift in Sources */,
				B60D3AA22178E1EA0099547D /* CKQuadTree.m in Sources */,
				B6DFCEA821775FFA00C47258 /* TripDetailViewModel.m in Sources */,
				B6DFCEC0217767A300C47258 /* TripDetailTableViewModel.m in Sources */,
				B6DFCEBA217765BF00C47258 /* TripPenetrateBaseViewModel.m in Sources */,
				3E79D2312178C9FD00049C16 /* KEPHomeHeaderView.m in Sources */,
				B6DFCEB72177656F00C47258 /* TripDetailModel.m in Sources */,
				B6DFCEA521775FEA00C47258 /* TripDetailViewController.m in Sources */,
				B60D3AA62178E1EA0099547D /* CKClusterAlgorithm.m in Sources */,
				B60D3A6D21783F410099547D /* KEPEntryMetaAndCardView.m in Sources */,
				D8DE7E252176E014004F1A95 /* PhotoScanProcessor.swift in Sources */,
				3E79D2272178C97000049C16 /* TripsHeaderView.swift in Sources */,
				D87DDF2721776809002D1D99 /* PHPersonHandler.m in Sources */,
				D87DDF3F2178252D002D1D99 /* ResourceUtil.swift in Sources */,
				D8DE7DEA2176DBCD004F1A95 /* PAppDelegate.swift in Sources */,
				B60D3A6E21783F410099547D /* KEPEntryTextView.m in Sources */,
				D8DE7E212176DD65004F1A95 /* WelcomeViewController.swift in Sources */,
				B60D3AAA2178E1EA0099547D /* MGLMapView+ClusterKit.m in Sources */,
				D87DDF3921781DA7002D1D99 /* ScreenUtil.swift in Sources */,
				B60D3AA32178E1EA0099547D /* CKClusterManager.m in Sources */,
				3E690D742178EE78004B7094 /* AccountManager.swift in Sources */,
				B60D3A6F21783F410099547D /* KEPTimelineEntryCellHelper.m in Sources */,
				B60D3A4921782BFD0099547D /* KEPRTActivityToggle.m in Sources */,
				B6DFCEAE217762C400C47258 /* TripDetailMapViewModel.m in Sources */,
				B60D3A752178529C0099547D /* FlexiblePageControl.swift in Sources */,
				B6DFCEB42177652000C47258 /* TripDetailCarouseViewModel.m in Sources */,
				B60D3A46217824B60099547D /* TripDetailTableViewDataSource.m in Sources */,
				B60D3A43217823D40099547D /* TripDetailTableViewBaseDataSource.m in Sources */,
				3E2FD4A421783AF000B7365B /* StatsRequester.m in Sources */,
				D8DE7E212176DD65004F1A95 /* WelcomeViewController.swift in Sources */,
				B6DFCEC4217776DE00C47258 /* UIView+KEP_OutdoorActivity.m in Sources */,
				D8DE7E232176DD97004F1A95 /* CustomTabBarViewController.swift in Sources */,
				D8DE7E1F2176DD29004F1A95 /* Dummy.m in Sources */,
				3E690D722178E256004B7094 /* StatsBaseCell.swift in Sources */,
				3E79D2202178C82000049C16 /* TripsModel.m in Sources */,
				B60D3A7221783F410099547D /* KEPBaseEntryCell.m in Sources */,
				D87DDF3321781C64002D1D99 /* KEPWelcomeVideoView.m in Sources */,
				D87DDF472178399D002D1D99 /* HttpApi.swift in Sources */,
				B60D3A7121783F410099547D /* KEPEntryHeaderView.m in Sources */,
				D84DC9652178BF8E00BD0A73 /* HashCityData.swift in Sources */,
				3E2FD4A621783AF000B7365B /* StatsProfileHeaderView.swift in Sources */,
				D87DDF3D217824E1002D1D99 /* LoginViewController.swift in Sources */,
				3E690D762178F8FF004B7094 /* iPhoneX.swift in Sources */,
				3E79D21D2178C82000049C16 /* TripsRequester.m in Sources */,
				D87DDF2C21777984002D1D99 /* PhotoHashData.swift in Sources */,
				B60D3A7021783F410099547D /* KEPEntryMultiPhotosView.m in Sources */,
				D8DE7DEC2176DBCD004F1A95 /* StatsViewController.swift in Sources */,
				3E2FD4A921783AF000B7365B /* StatsDataInsightCell.swift in Sources */,
				D8C9989A2178638F00570F75 /* PrepareViewController.swift in Sources */,
				B60D3AA52178E1EA0099547D /* CKGridBasedAlgorithm.m in Sources */,
				D855BC19217899700028A8EE /* UploadData.swift in Sources */,
				D87DDF42217825C7002D1D99 /* ScanPicViewController.swift in Sources */,
				D87DDF45217836B4002D1D99 /* KeyBoardExt.swift in Sources */,
				B60D3AA42178E1EA0099547D /* CKCluster.m in Sources */,
				3E79D22E2178C9CA00049C16 /* KEPHomeView.m in Sources */,
				D87DDF2E2177832E002D1D99 /* DateUtil.swift in Sources */,
				B6DFCEBD2177677200C47258 /* TripDetailTableView.m in Sources */,
				D87DDF4921783ED0002D1D99 /* LoginData.swift in Sources */,
				B60D3A50217838E80099547D /* TripDetailBaseHeaderCell.m in Sources */,
				B60D3A6A21783F410099547D /* KEPEntryPhotoAndVideoView.m in Sources */,
			);
			runOnlyForDeploymentPostprocessing = 0;
		};
		D8DE7DF82176DBCF004F1A95 /* Sources */ = {
			isa = PBXSourcesBuildPhase;
			buildActionMask = 2147483647;
			files = (
				D8DE7E012176DBCF004F1A95 /* PassportTests.swift in Sources */,
			);
			runOnlyForDeploymentPostprocessing = 0;
		};
		D8DE7E032176DBCF004F1A95 /* Sources */ = {
			isa = PBXSourcesBuildPhase;
			buildActionMask = 2147483647;
			files = (
				D8DE7E0C2176DBCF004F1A95 /* PassportUITests.swift in Sources */,
			);
			runOnlyForDeploymentPostprocessing = 0;
		};
/* End PBXSourcesBuildPhase section */

/* Begin PBXTargetDependency section */
		D8DE7DFE2176DBCF004F1A95 /* PBXTargetDependency */ = {
			isa = PBXTargetDependency;
			target = D8DE7DE52176DBCD004F1A95 /* Passport */;
			targetProxy = D8DE7DFD2176DBCF004F1A95 /* PBXContainerItemProxy */;
		};
		D8DE7E092176DBCF004F1A95 /* PBXTargetDependency */ = {
			isa = PBXTargetDependency;
			target = D8DE7DE52176DBCD004F1A95 /* Passport */;
			targetProxy = D8DE7E082176DBCF004F1A95 /* PBXContainerItemProxy */;
		};
/* End PBXTargetDependency section */

/* Begin PBXVariantGroup section */
		D8DE7DEF2176DBCD004F1A95 /* Main.storyboard */ = {
			isa = PBXVariantGroup;
			children = (
				D8DE7DF02176DBCD004F1A95 /* Base */,
			);
			name = Main.storyboard;
			sourceTree = "<group>";
		};
		D8DE7DF42176DBCF004F1A95 /* LaunchScreen.storyboard */ = {
			isa = PBXVariantGroup;
			children = (
				D8DE7DF52176DBCF004F1A95 /* Base */,
			);
			name = LaunchScreen.storyboard;
			sourceTree = "<group>";
		};
/* End PBXVariantGroup section */

/* Begin XCBuildConfiguration section */
		D8DE7E0E2176DBCF004F1A95 /* Debug */ = {
			isa = XCBuildConfiguration;
			buildSettings = {
				ALWAYS_SEARCH_USER_PATHS = NO;
				CLANG_ANALYZER_NONNULL = YES;
				CLANG_ANALYZER_NUMBER_OBJECT_CONVERSION = YES_AGGRESSIVE;
				CLANG_CXX_LANGUAGE_STANDARD = "gnu++14";
				CLANG_CXX_LIBRARY = "libc++";
				CLANG_ENABLE_MODULES = YES;
				CLANG_ENABLE_OBJC_ARC = YES;
				CLANG_ENABLE_OBJC_WEAK = YES;
				CLANG_WARN_BLOCK_CAPTURE_AUTORELEASING = YES;
				CLANG_WARN_BOOL_CONVERSION = YES;
				CLANG_WARN_COMMA = YES;
				CLANG_WARN_CONSTANT_CONVERSION = YES;
				CLANG_WARN_DEPRECATED_OBJC_IMPLEMENTATIONS = YES;
				CLANG_WARN_DIRECT_OBJC_ISA_USAGE = YES_ERROR;
				CLANG_WARN_DOCUMENTATION_COMMENTS = YES;
				CLANG_WARN_EMPTY_BODY = YES;
				CLANG_WARN_ENUM_CONVERSION = YES;
				CLANG_WARN_INFINITE_RECURSION = YES;
				CLANG_WARN_INT_CONVERSION = YES;
				CLANG_WARN_NON_LITERAL_NULL_CONVERSION = YES;
				CLANG_WARN_OBJC_IMPLICIT_RETAIN_SELF = YES;
				CLANG_WARN_OBJC_LITERAL_CONVERSION = YES;
				CLANG_WARN_OBJC_ROOT_CLASS = YES_ERROR;
				CLANG_WARN_RANGE_LOOP_ANALYSIS = YES;
				CLANG_WARN_STRICT_PROTOTYPES = YES;
				CLANG_WARN_SUSPICIOUS_MOVE = YES;
				CLANG_WARN_UNGUARDED_AVAILABILITY = YES_AGGRESSIVE;
				CLANG_WARN_UNREACHABLE_CODE = YES;
				CLANG_WARN__DUPLICATE_METHOD_MATCH = YES;
				CODE_SIGN_IDENTITY = "iPhone Developer";
				COPY_PHASE_STRIP = NO;
				DEBUG_INFORMATION_FORMAT = dwarf;
				ENABLE_STRICT_OBJC_MSGSEND = YES;
				ENABLE_TESTABILITY = YES;
				GCC_C_LANGUAGE_STANDARD = gnu11;
				GCC_DYNAMIC_NO_PIC = NO;
				GCC_NO_COMMON_BLOCKS = YES;
				GCC_OPTIMIZATION_LEVEL = 0;
				GCC_PREPROCESSOR_DEFINITIONS = (
					"DEBUG=1",
					"$(inherited)",
				);
				GCC_WARN_64_TO_32_BIT_CONVERSION = YES;
				GCC_WARN_ABOUT_RETURN_TYPE = YES_ERROR;
				GCC_WARN_UNDECLARED_SELECTOR = YES;
				GCC_WARN_UNINITIALIZED_AUTOS = YES_AGGRESSIVE;
				GCC_WARN_UNUSED_FUNCTION = YES;
				GCC_WARN_UNUSED_VARIABLE = YES;
				IPHONEOS_DEPLOYMENT_TARGET = 12.0;
				MTL_ENABLE_DEBUG_INFO = INCLUDE_SOURCE;
				MTL_FAST_MATH = YES;
				ONLY_ACTIVE_ARCH = YES;
				SDKROOT = iphoneos;
				SWIFT_ACTIVE_COMPILATION_CONDITIONS = DEBUG;
				SWIFT_OPTIMIZATION_LEVEL = "-Onone";
			};
			name = Debug;
		};
		D8DE7E0F2176DBCF004F1A95 /* Release */ = {
			isa = XCBuildConfiguration;
			buildSettings = {
				ALWAYS_SEARCH_USER_PATHS = NO;
				CLANG_ANALYZER_NONNULL = YES;
				CLANG_ANALYZER_NUMBER_OBJECT_CONVERSION = YES_AGGRESSIVE;
				CLANG_CXX_LANGUAGE_STANDARD = "gnu++14";
				CLANG_CXX_LIBRARY = "libc++";
				CLANG_ENABLE_MODULES = YES;
				CLANG_ENABLE_OBJC_ARC = YES;
				CLANG_ENABLE_OBJC_WEAK = YES;
				CLANG_WARN_BLOCK_CAPTURE_AUTORELEASING = YES;
				CLANG_WARN_BOOL_CONVERSION = YES;
				CLANG_WARN_COMMA = YES;
				CLANG_WARN_CONSTANT_CONVERSION = YES;
				CLANG_WARN_DEPRECATED_OBJC_IMPLEMENTATIONS = YES;
				CLANG_WARN_DIRECT_OBJC_ISA_USAGE = YES_ERROR;
				CLANG_WARN_DOCUMENTATION_COMMENTS = YES;
				CLANG_WARN_EMPTY_BODY = YES;
				CLANG_WARN_ENUM_CONVERSION = YES;
				CLANG_WARN_INFINITE_RECURSION = YES;
				CLANG_WARN_INT_CONVERSION = YES;
				CLANG_WARN_NON_LITERAL_NULL_CONVERSION = YES;
				CLANG_WARN_OBJC_IMPLICIT_RETAIN_SELF = YES;
				CLANG_WARN_OBJC_LITERAL_CONVERSION = YES;
				CLANG_WARN_OBJC_ROOT_CLASS = YES_ERROR;
				CLANG_WARN_RANGE_LOOP_ANALYSIS = YES;
				CLANG_WARN_STRICT_PROTOTYPES = YES;
				CLANG_WARN_SUSPICIOUS_MOVE = YES;
				CLANG_WARN_UNGUARDED_AVAILABILITY = YES_AGGRESSIVE;
				CLANG_WARN_UNREACHABLE_CODE = YES;
				CLANG_WARN__DUPLICATE_METHOD_MATCH = YES;
				CODE_SIGN_IDENTITY = "iPhone Developer";
				COPY_PHASE_STRIP = NO;
				DEBUG_INFORMATION_FORMAT = "dwarf-with-dsym";
				ENABLE_NS_ASSERTIONS = NO;
				ENABLE_STRICT_OBJC_MSGSEND = YES;
				GCC_C_LANGUAGE_STANDARD = gnu11;
				GCC_NO_COMMON_BLOCKS = YES;
				GCC_WARN_64_TO_32_BIT_CONVERSION = YES;
				GCC_WARN_ABOUT_RETURN_TYPE = YES_ERROR;
				GCC_WARN_UNDECLARED_SELECTOR = YES;
				GCC_WARN_UNINITIALIZED_AUTOS = YES_AGGRESSIVE;
				GCC_WARN_UNUSED_FUNCTION = YES;
				GCC_WARN_UNUSED_VARIABLE = YES;
				IPHONEOS_DEPLOYMENT_TARGET = 12.0;
				MTL_ENABLE_DEBUG_INFO = NO;
				MTL_FAST_MATH = YES;
				SDKROOT = iphoneos;
				SWIFT_COMPILATION_MODE = wholemodule;
				SWIFT_OPTIMIZATION_LEVEL = "-O";
				VALIDATE_PRODUCT = YES;
			};
			name = Release;
		};
		D8DE7E112176DBCF004F1A95 /* Debug */ = {
			isa = XCBuildConfiguration;
			baseConfigurationReference = DA75463309D45B247FA54779 /* Pods-Passport.debug.xcconfig */;
			buildSettings = {
				ASSETCATALOG_COMPILER_APPICON_NAME = AppIcon;
				CLANG_ENABLE_MODULES = YES;
				CODE_SIGN_STYLE = Automatic;
				DEVELOPMENT_TEAM = 6AJL6H6UF5;
				INFOPLIST_FILE = Passport/Info.plist;
				IPHONEOS_DEPLOYMENT_TARGET = 10.0;
				LD_RUNPATH_SEARCH_PATHS = (
					"$(inherited)",
					"@executable_path/Frameworks",
				);
				PRODUCT_BUNDLE_IDENTIFIER = com.keep.Passport;
				PRODUCT_NAME = "$(TARGET_NAME)";
				SWIFT_OBJC_BRIDGING_HEADER = "Passport/SupportFiles/Passport-Bridging-Header.h";
				SWIFT_OPTIMIZATION_LEVEL = "-Onone";
				SWIFT_VERSION = 4.2;
				TARGETED_DEVICE_FAMILY = "1,2";
			};
			name = Debug;
		};
		D8DE7E122176DBCF004F1A95 /* Release */ = {
			isa = XCBuildConfiguration;
			baseConfigurationReference = D81ED50558BD9F19085B2840 /* Pods-Passport.release.xcconfig */;
			buildSettings = {
				ASSETCATALOG_COMPILER_APPICON_NAME = AppIcon;
				CLANG_ENABLE_MODULES = YES;
				CODE_SIGN_STYLE = Automatic;
				DEVELOPMENT_TEAM = 6AJL6H6UF5;
				INFOPLIST_FILE = Passport/Info.plist;
				IPHONEOS_DEPLOYMENT_TARGET = 10.0;
				LD_RUNPATH_SEARCH_PATHS = (
					"$(inherited)",
					"@executable_path/Frameworks",
				);
				PRODUCT_BUNDLE_IDENTIFIER = com.keep.Passport;
				PRODUCT_NAME = "$(TARGET_NAME)";
				SWIFT_OBJC_BRIDGING_HEADER = "Passport/SupportFiles/Passport-Bridging-Header.h";
				SWIFT_VERSION = 4.2;
				TARGETED_DEVICE_FAMILY = "1,2";
			};
			name = Release;
		};
		D8DE7E142176DBCF004F1A95 /* Debug */ = {
			isa = XCBuildConfiguration;
			baseConfigurationReference = E31A6E945B6B96DAF96654F0 /* Pods-PassportTests.debug.xcconfig */;
			buildSettings = {
				ALWAYS_EMBED_SWIFT_STANDARD_LIBRARIES = YES;
				BUNDLE_LOADER = "$(TEST_HOST)";
				CODE_SIGN_STYLE = Automatic;
				DEVELOPMENT_TEAM = HG2SE2YJ8W;
				INFOPLIST_FILE = PassportTests/Info.plist;
				LD_RUNPATH_SEARCH_PATHS = (
					"$(inherited)",
					"@executable_path/Frameworks",
					"@loader_path/Frameworks",
				);
				PRODUCT_BUNDLE_IDENTIFIER = com.keep.PassportTests;
				PRODUCT_NAME = "$(TARGET_NAME)";
				SWIFT_VERSION = 4.2;
				TARGETED_DEVICE_FAMILY = "1,2";
				TEST_HOST = "$(BUILT_PRODUCTS_DIR)/Passport.app/Passport";
			};
			name = Debug;
		};
		D8DE7E152176DBCF004F1A95 /* Release */ = {
			isa = XCBuildConfiguration;
			baseConfigurationReference = 40BB27FCD85F73018474EBAC /* Pods-PassportTests.release.xcconfig */;
			buildSettings = {
				ALWAYS_EMBED_SWIFT_STANDARD_LIBRARIES = YES;
				BUNDLE_LOADER = "$(TEST_HOST)";
				CODE_SIGN_STYLE = Automatic;
				DEVELOPMENT_TEAM = HG2SE2YJ8W;
				INFOPLIST_FILE = PassportTests/Info.plist;
				LD_RUNPATH_SEARCH_PATHS = (
					"$(inherited)",
					"@executable_path/Frameworks",
					"@loader_path/Frameworks",
				);
				PRODUCT_BUNDLE_IDENTIFIER = com.keep.PassportTests;
				PRODUCT_NAME = "$(TARGET_NAME)";
				SWIFT_VERSION = 4.2;
				TARGETED_DEVICE_FAMILY = "1,2";
				TEST_HOST = "$(BUILT_PRODUCTS_DIR)/Passport.app/Passport";
			};
			name = Release;
		};
		D8DE7E172176DBCF004F1A95 /* Debug */ = {
			isa = XCBuildConfiguration;
			baseConfigurationReference = 8A11E486CA3E7D15668A710F /* Pods-PassportUITests.debug.xcconfig */;
			buildSettings = {
				ALWAYS_EMBED_SWIFT_STANDARD_LIBRARIES = YES;
				CODE_SIGN_STYLE = Automatic;
				DEVELOPMENT_TEAM = HG2SE2YJ8W;
				INFOPLIST_FILE = PassportUITests/Info.plist;
				LD_RUNPATH_SEARCH_PATHS = (
					"$(inherited)",
					"@executable_path/Frameworks",
					"@loader_path/Frameworks",
				);
				PRODUCT_BUNDLE_IDENTIFIER = com.keep.PassportUITests;
				PRODUCT_NAME = "$(TARGET_NAME)";
				SWIFT_VERSION = 4.2;
				TARGETED_DEVICE_FAMILY = "1,2";
				TEST_TARGET_NAME = Passport;
			};
			name = Debug;
		};
		D8DE7E182176DBCF004F1A95 /* Release */ = {
			isa = XCBuildConfiguration;
			baseConfigurationReference = 826302745DFFF33B46F72147 /* Pods-PassportUITests.release.xcconfig */;
			buildSettings = {
				ALWAYS_EMBED_SWIFT_STANDARD_LIBRARIES = YES;
				CODE_SIGN_STYLE = Automatic;
				DEVELOPMENT_TEAM = HG2SE2YJ8W;
				INFOPLIST_FILE = PassportUITests/Info.plist;
				LD_RUNPATH_SEARCH_PATHS = (
					"$(inherited)",
					"@executable_path/Frameworks",
					"@loader_path/Frameworks",
				);
				PRODUCT_BUNDLE_IDENTIFIER = com.keep.PassportUITests;
				PRODUCT_NAME = "$(TARGET_NAME)";
				SWIFT_VERSION = 4.2;
				TARGETED_DEVICE_FAMILY = "1,2";
				TEST_TARGET_NAME = Passport;
			};
			name = Release;
		};
/* End XCBuildConfiguration section */

/* Begin XCConfigurationList section */
		D8DE7DE12176DBCD004F1A95 /* Build configuration list for PBXProject "Passport" */ = {
			isa = XCConfigurationList;
			buildConfigurations = (
				D8DE7E0E2176DBCF004F1A95 /* Debug */,
				D8DE7E0F2176DBCF004F1A95 /* Release */,
			);
			defaultConfigurationIsVisible = 0;
			defaultConfigurationName = Release;
		};
		D8DE7E102176DBCF004F1A95 /* Build configuration list for PBXNativeTarget "Passport" */ = {
			isa = XCConfigurationList;
			buildConfigurations = (
				D8DE7E112176DBCF004F1A95 /* Debug */,
				D8DE7E122176DBCF004F1A95 /* Release */,
			);
			defaultConfigurationIsVisible = 0;
			defaultConfigurationName = Release;
		};
		D8DE7E132176DBCF004F1A95 /* Build configuration list for PBXNativeTarget "PassportTests" */ = {
			isa = XCConfigurationList;
			buildConfigurations = (
				D8DE7E142176DBCF004F1A95 /* Debug */,
				D8DE7E152176DBCF004F1A95 /* Release */,
			);
			defaultConfigurationIsVisible = 0;
			defaultConfigurationName = Release;
		};
		D8DE7E162176DBCF004F1A95 /* Build configuration list for PBXNativeTarget "PassportUITests" */ = {
			isa = XCConfigurationList;
			buildConfigurations = (
				D8DE7E172176DBCF004F1A95 /* Debug */,
				D8DE7E182176DBCF004F1A95 /* Release */,
			);
			defaultConfigurationIsVisible = 0;
			defaultConfigurationName = Release;
		};
/* End XCConfigurationList section */
	};
	rootObject = D8DE7DDE2176DBCD004F1A95 /* Project object */;
}
