// !$*UTF8*$!
{
	archiveVersion = 1;
	classes = {
	};
	objectVersion = 50;
	objects = {

/* Begin PBXBuildFile section */
		73EE3E59A9F784FAAA1F37E8 /* Pods_PassportTests.framework in Frameworks */ = {isa = PBXBuildFile; fileRef = 2A4DFCF347104123E39DD01E /* Pods_PassportTests.framework */; };
		7D2FCC4564F224EE972E5C9D /* Pods_PassportUITests.framework in Frameworks */ = {isa = PBXBuildFile; fileRef = 30BF99830708E0187F01BCE9 /* Pods_PassportUITests.framework */; };
		D87DDF2421774D6F002D1D99 /* PhotoListTableViewController.swift in Sources */ = {isa = PBXBuildFile; fileRef = D87DDF2321774D6F002D1D99 /* PhotoListTableViewController.swift */; };
		D87DDF2721776809002D1D99 /* PHPersonHandler.m in Sources */ = {isa = PBXBuildFile; fileRef = D87DDF2621776809002D1D99 /* PHPersonHandler.m */; };
		D87DDF2A21777004002D1D99 /* Geohash.swift in Sources */ = {isa = PBXBuildFile; fileRef = D87DDF2921777004002D1D99 /* Geohash.swift */; };
		D87DDF2C21777984002D1D99 /* PhotoHashData.swift in Sources */ = {isa = PBXBuildFile; fileRef = D87DDF2B21777984002D1D99 /* PhotoHashData.swift */; };
		D87DDF2E2177832E002D1D99 /* DateUtil.swift in Sources */ = {isa = PBXBuildFile; fileRef = D87DDF2D2177832E002D1D99 /* DateUtil.swift */; };
		D87DDF3021781875002D1D99 /* Earth.mp4 in Resources */ = {isa = PBXBuildFile; fileRef = D87DDF2F21781875002D1D99 /* Earth.mp4 */; };
		D87DDF3321781C64002D1D99 /* KEPWelcomeVideoView.m in Sources */ = {isa = PBXBuildFile; fileRef = D87DDF3221781C63002D1D99 /* KEPWelcomeVideoView.m */; };
		D87DDF3921781DA7002D1D99 /* ScreenUtil.swift in Sources */ = {isa = PBXBuildFile; fileRef = D87DDF3821781DA7002D1D99 /* ScreenUtil.swift */; };
		D87DDF3B217821B2002D1D99 /* LoginView.storyboard in Resources */ = {isa = PBXBuildFile; fileRef = D87DDF3A217821B2002D1D99 /* LoginView.storyboard */; };
		D87DDF3D217824E1002D1D99 /* LoginViewController.swift in Sources */ = {isa = PBXBuildFile; fileRef = D87DDF3C217824E1002D1D99 /* LoginViewController.swift */; };
		D87DDF3F2178252D002D1D99 /* ResourceUtil.swift in Sources */ = {isa = PBXBuildFile; fileRef = D87DDF3E2178252D002D1D99 /* ResourceUtil.swift */; };
		D87DDF42217825C7002D1D99 /* ScanPicViewController.swift in Sources */ = {isa = PBXBuildFile; fileRef = D87DDF41217825C7002D1D99 /* ScanPicViewController.swift */; };
		D8DE7DEA2176DBCD004F1A95 /* PAppDelegate.swift in Sources */ = {isa = PBXBuildFile; fileRef = D8DE7DE92176DBCD004F1A95 /* PAppDelegate.swift */; };
		D8DE7DEC2176DBCD004F1A95 /* StatsViewController.swift in Sources */ = {isa = PBXBuildFile; fileRef = D8DE7DEB2176DBCD004F1A95 /* StatsViewController.swift */; };
		D8DE7DEE2176DBCD004F1A95 /* TripsViewController.swift in Sources */ = {isa = PBXBuildFile; fileRef = D8DE7DED2176DBCD004F1A95 /* TripsViewController.swift */; };
		D8DE7DF12176DBCD004F1A95 /* Main.storyboard in Resources */ = {isa = PBXBuildFile; fileRef = D8DE7DEF2176DBCD004F1A95 /* Main.storyboard */; };
		D8DE7DF32176DBCF004F1A95 /* Assets.xcassets in Resources */ = {isa = PBXBuildFile; fileRef = D8DE7DF22176DBCF004F1A95 /* Assets.xcassets */; };
		D8DE7DF62176DBCF004F1A95 /* LaunchScreen.storyboard in Resources */ = {isa = PBXBuildFile; fileRef = D8DE7DF42176DBCF004F1A95 /* LaunchScreen.storyboard */; };
		D8DE7E012176DBCF004F1A95 /* PassportTests.swift in Sources */ = {isa = PBXBuildFile; fileRef = D8DE7E002176DBCF004F1A95 /* PassportTests.swift */; };
		D8DE7E0C2176DBCF004F1A95 /* PassportUITests.swift in Sources */ = {isa = PBXBuildFile; fileRef = D8DE7E0B2176DBCF004F1A95 /* PassportUITests.swift */; };
		D8DE7E1A2176DD08004F1A95 /* GroupsTableViewController.swift in Sources */ = {isa = PBXBuildFile; fileRef = D8DE7E192176DD08004F1A95 /* GroupsTableViewController.swift */; };
		D8DE7E1F2176DD29004F1A95 /* Dummy.m in Sources */ = {isa = PBXBuildFile; fileRef = D8DE7E1E2176DD29004F1A95 /* Dummy.m */; };
		D8DE7E212176DD65004F1A95 /* WelcomeViewController.swift in Sources */ = {isa = PBXBuildFile; fileRef = D8DE7E202176DD65004F1A95 /* WelcomeViewController.swift */; };
		D8DE7E232176DD97004F1A95 /* CustomTabBarViewController.swift in Sources */ = {isa = PBXBuildFile; fileRef = D8DE7E222176DD97004F1A95 /* CustomTabBarViewController.swift */; };
		D8DE7E252176E014004F1A95 /* PhotoScanProcessor.swift in Sources */ = {isa = PBXBuildFile; fileRef = D8DE7E242176E014004F1A95 /* PhotoScanProcessor.swift */; };
		D8DE7E272177386D004F1A95 /* PhotoMeta.swift in Sources */ = {isa = PBXBuildFile; fileRef = D8DE7E262177386D004F1A95 /* PhotoMeta.swift */; };
		D8DE7E29217738DC004F1A95 /* Photos.framework in Frameworks */ = {isa = PBXBuildFile; fileRef = D8DE7E28217738DC004F1A95 /* Photos.framework */; };
		D8DE7E2B217738E0004F1A95 /* PhotosUI.framework in Frameworks */ = {isa = PBXBuildFile; fileRef = D8DE7E2A217738E0004F1A95 /* PhotosUI.framework */; };
		D8DE7E2D217738E6004F1A95 /* CoreLocation.framework in Frameworks */ = {isa = PBXBuildFile; fileRef = D8DE7E2C217738E6004F1A95 /* CoreLocation.framework */; };
		F395DA038C0E0B0FA582096E /* Pods_Passport.framework in Frameworks */ = {isa = PBXBuildFile; fileRef = AA47B98829EE2FB5FB7FEB14 /* Pods_Passport.framework */; };
/* End PBXBuildFile section */

/* Begin PBXContainerItemProxy section */
		D8DE7DFD2176DBCF004F1A95 /* PBXContainerItemProxy */ = {
			isa = PBXContainerItemProxy;
			containerPortal = D8DE7DDE2176DBCD004F1A95 /* Project object */;
			proxyType = 1;
			remoteGlobalIDString = D8DE7DE52176DBCD004F1A95;
			remoteInfo = Passport;
		};
		D8DE7E082176DBCF004F1A95 /* PBXContainerItemProxy */ = {
			isa = PBXContainerItemProxy;
			containerPortal = D8DE7DDE2176DBCD004F1A95 /* Project object */;
			proxyType = 1;
			remoteGlobalIDString = D8DE7DE52176DBCD004F1A95;
			remoteInfo = Passport;
		};
/* End PBXContainerItemProxy section */

/* Begin PBXFileReference section */
		2A4DFCF347104123E39DD01E /* Pods_PassportTests.framework */ = {isa = PBXFileReference; explicitFileType = wrapper.framework; includeInIndex = 0; path = Pods_PassportTests.framework; sourceTree = BUILT_PRODUCTS_DIR; };
		30BF99830708E0187F01BCE9 /* Pods_PassportUITests.framework */ = {isa = PBXFileReference; explicitFileType = wrapper.framework; includeInIndex = 0; path = Pods_PassportUITests.framework; sourceTree = BUILT_PRODUCTS_DIR; };
		40BB27FCD85F73018474EBAC /* Pods-PassportTests.release.xcconfig */ = {isa = PBXFileReference; includeInIndex = 1; lastKnownFileType = text.xcconfig; name = "Pods-PassportTests.release.xcconfig"; path = "Pods/Target Support Files/Pods-PassportTests/Pods-PassportTests.release.xcconfig"; sourceTree = "<group>"; };
		826302745DFFF33B46F72147 /* Pods-PassportUITests.release.xcconfig */ = {isa = PBXFileReference; includeInIndex = 1; lastKnownFileType = text.xcconfig; name = "Pods-PassportUITests.release.xcconfig"; path = "Pods/Target Support Files/Pods-PassportUITests/Pods-PassportUITests.release.xcconfig"; sourceTree = "<group>"; };
		8A11E486CA3E7D15668A710F /* Pods-PassportUITests.debug.xcconfig */ = {isa = PBXFileReference; includeInIndex = 1; lastKnownFileType = text.xcconfig; name = "Pods-PassportUITests.debug.xcconfig"; path = "Pods/Target Support Files/Pods-PassportUITests/Pods-PassportUITests.debug.xcconfig"; sourceTree = "<group>"; };
		AA47B98829EE2FB5FB7FEB14 /* Pods_Passport.framework */ = {isa = PBXFileReference; explicitFileType = wrapper.framework; includeInIndex = 0; path = Pods_Passport.framework; sourceTree = BUILT_PRODUCTS_DIR; };
		D81ED50558BD9F19085B2840 /* Pods-Passport.release.xcconfig */ = {isa = PBXFileReference; includeInIndex = 1; lastKnownFileType = text.xcconfig; name = "Pods-Passport.release.xcconfig"; path = "Pods/Target Support Files/Pods-Passport/Pods-Passport.release.xcconfig"; sourceTree = "<group>"; };
		D87DDF2321774D6F002D1D99 /* PhotoListTableViewController.swift */ = {isa = PBXFileReference; lastKnownFileType = sourcecode.swift; path = PhotoListTableViewController.swift; sourceTree = "<group>"; };
		D87DDF2521776809002D1D99 /* PHPersonHandler.h */ = {isa = PBXFileReference; lastKnownFileType = sourcecode.c.h; path = PHPersonHandler.h; sourceTree = "<group>"; };
		D87DDF2621776809002D1D99 /* PHPersonHandler.m */ = {isa = PBXFileReference; lastKnownFileType = sourcecode.c.objc; path = PHPersonHandler.m; sourceTree = "<group>"; };
		D87DDF282177687F002D1D99 /* PHPerson.h */ = {isa = PBXFileReference; fileEncoding = 4; lastKnownFileType = sourcecode.c.h; path = PHPerson.h; sourceTree = "<group>"; };
		D87DDF2921777004002D1D99 /* Geohash.swift */ = {isa = PBXFileReference; fileEncoding = 4; lastKnownFileType = sourcecode.swift; path = Geohash.swift; sourceTree = "<group>"; };
		D87DDF2B21777984002D1D99 /* PhotoHashData.swift */ = {isa = PBXFileReference; lastKnownFileType = sourcecode.swift; path = PhotoHashData.swift; sourceTree = "<group>"; };
		D87DDF2D2177832E002D1D99 /* DateUtil.swift */ = {isa = PBXFileReference; lastKnownFileType = sourcecode.swift; path = DateUtil.swift; sourceTree = "<group>"; };
		D87DDF2F21781875002D1D99 /* Earth.mp4 */ = {isa = PBXFileReference; lastKnownFileType = file; path = Earth.mp4; sourceTree = "<group>"; };
		D87DDF3121781C63002D1D99 /* KEPWelcomeVideoView.h */ = {isa = PBXFileReference; fileEncoding = 4; lastKnownFileType = sourcecode.c.h; path = KEPWelcomeVideoView.h; sourceTree = "<group>"; };
		D87DDF3221781C63002D1D99 /* KEPWelcomeVideoView.m */ = {isa = PBXFileReference; fileEncoding = 4; lastKnownFileType = sourcecode.c.objc; path = KEPWelcomeVideoView.m; sourceTree = "<group>"; };
		D87DDF3821781DA7002D1D99 /* ScreenUtil.swift */ = {isa = PBXFileReference; lastKnownFileType = sourcecode.swift; path = ScreenUtil.swift; sourceTree = "<group>"; };
		D87DDF3A217821B2002D1D99 /* LoginView.storyboard */ = {isa = PBXFileReference; lastKnownFileType = file.storyboard; path = LoginView.storyboard; sourceTree = "<group>"; };
		D87DDF3C217824E1002D1D99 /* LoginViewController.swift */ = {isa = PBXFileReference; lastKnownFileType = sourcecode.swift; path = LoginViewController.swift; sourceTree = "<group>"; };
		D87DDF3E2178252D002D1D99 /* ResourceUtil.swift */ = {isa = PBXFileReference; lastKnownFileType = sourcecode.swift; path = ResourceUtil.swift; sourceTree = "<group>"; };
		D87DDF41217825C7002D1D99 /* ScanPicViewController.swift */ = {isa = PBXFileReference; lastKnownFileType = sourcecode.swift; path = ScanPicViewController.swift; sourceTree = "<group>"; };
		D8DE7DE62176DBCD004F1A95 /* Passport.app */ = {isa = PBXFileReference; explicitFileType = wrapper.application; includeInIndex = 0; path = Passport.app; sourceTree = BUILT_PRODUCTS_DIR; };
		D8DE7DE92176DBCD004F1A95 /* PAppDelegate.swift */ = {isa = PBXFileReference; lastKnownFileType = sourcecode.swift; path = PAppDelegate.swift; sourceTree = "<group>"; };
		D8DE7DEB2176DBCD004F1A95 /* StatsViewController.swift */ = {isa = PBXFileReference; lastKnownFileType = sourcecode.swift; path = StatsViewController.swift; sourceTree = "<group>"; };
		D8DE7DED2176DBCD004F1A95 /* TripsViewController.swift */ = {isa = PBXFileReference; lastKnownFileType = sourcecode.swift; path = TripsViewController.swift; sourceTree = "<group>"; };
		D8DE7DF02176DBCD004F1A95 /* Base */ = {isa = PBXFileReference; lastKnownFileType = file.storyboard; name = Base; path = Base.lproj/Main.storyboard; sourceTree = "<group>"; };
		D8DE7DF22176DBCF004F1A95 /* Assets.xcassets */ = {isa = PBXFileReference; lastKnownFileType = folder.assetcatalog; path = Assets.xcassets; sourceTree = "<group>"; };
		D8DE7DF52176DBCF004F1A95 /* Base */ = {isa = PBXFileReference; lastKnownFileType = file.storyboard; name = Base; path = Base.lproj/LaunchScreen.storyboard; sourceTree = "<group>"; };
		D8DE7DF72176DBCF004F1A95 /* Info.plist */ = {isa = PBXFileReference; lastKnownFileType = text.plist.xml; path = Info.plist; sourceTree = "<group>"; };
		D8DE7DFC2176DBCF004F1A95 /* PassportTests.xctest */ = {isa = PBXFileReference; explicitFileType = wrapper.cfbundle; includeInIndex = 0; path = PassportTests.xctest; sourceTree = BUILT_PRODUCTS_DIR; };
		D8DE7E002176DBCF004F1A95 /* PassportTests.swift */ = {isa = PBXFileReference; lastKnownFileType = sourcecode.swift; path = PassportTests.swift; sourceTree = "<group>"; };
		D8DE7E022176DBCF004F1A95 /* Info.plist */ = {isa = PBXFileReference; lastKnownFileType = text.plist.xml; path = Info.plist; sourceTree = "<group>"; };
		D8DE7E072176DBCF004F1A95 /* PassportUITests.xctest */ = {isa = PBXFileReference; explicitFileType = wrapper.cfbundle; includeInIndex = 0; path = PassportUITests.xctest; sourceTree = BUILT_PRODUCTS_DIR; };
		D8DE7E0B2176DBCF004F1A95 /* PassportUITests.swift */ = {isa = PBXFileReference; lastKnownFileType = sourcecode.swift; path = PassportUITests.swift; sourceTree = "<group>"; };
		D8DE7E0D2176DBCF004F1A95 /* Info.plist */ = {isa = PBXFileReference; lastKnownFileType = text.plist.xml; path = Info.plist; sourceTree = "<group>"; };
		D8DE7E192176DD08004F1A95 /* GroupsTableViewController.swift */ = {isa = PBXFileReference; lastKnownFileType = sourcecode.swift; path = GroupsTableViewController.swift; sourceTree = "<group>"; };
		D8DE7E1C2176DD29004F1A95 /* Passport-Bridging-Header.h */ = {isa = PBXFileReference; lastKnownFileType = sourcecode.c.h; path = "Passport-Bridging-Header.h"; sourceTree = "<group>"; };
		D8DE7E1D2176DD29004F1A95 /* Dummy.h */ = {isa = PBXFileReference; lastKnownFileType = sourcecode.c.h; path = Dummy.h; sourceTree = "<group>"; };
		D8DE7E1E2176DD29004F1A95 /* Dummy.m */ = {isa = PBXFileReference; lastKnownFileType = sourcecode.c.objc; path = Dummy.m; sourceTree = "<group>"; };
		D8DE7E202176DD65004F1A95 /* WelcomeViewController.swift */ = {isa = PBXFileReference; lastKnownFileType = sourcecode.swift; path = WelcomeViewController.swift; sourceTree = "<group>"; };
		D8DE7E222176DD97004F1A95 /* CustomTabBarViewController.swift */ = {isa = PBXFileReference; lastKnownFileType = sourcecode.swift; path = CustomTabBarViewController.swift; sourceTree = "<group>"; };
		D8DE7E242176E014004F1A95 /* PhotoScanProcessor.swift */ = {isa = PBXFileReference; lastKnownFileType = sourcecode.swift; path = PhotoScanProcessor.swift; sourceTree = "<group>"; };
		D8DE7E262177386D004F1A95 /* PhotoMeta.swift */ = {isa = PBXFileReference; lastKnownFileType = sourcecode.swift; path = PhotoMeta.swift; sourceTree = "<group>"; };
		D8DE7E28217738DC004F1A95 /* Photos.framework */ = {isa = PBXFileReference; lastKnownFileType = wrapper.framework; name = Photos.framework; path = System/Library/Frameworks/Photos.framework; sourceTree = SDKROOT; };
		D8DE7E2A217738E0004F1A95 /* PhotosUI.framework */ = {isa = PBXFileReference; lastKnownFileType = wrapper.framework; name = PhotosUI.framework; path = System/Library/Frameworks/PhotosUI.framework; sourceTree = SDKROOT; };
		D8DE7E2C217738E6004F1A95 /* CoreLocation.framework */ = {isa = PBXFileReference; lastKnownFileType = wrapper.framework; name = CoreLocation.framework; path = System/Library/Frameworks/CoreLocation.framework; sourceTree = SDKROOT; };
		DA75463309D45B247FA54779 /* Pods-Passport.debug.xcconfig */ = {isa = PBXFileReference; includeInIndex = 1; lastKnownFileType = text.xcconfig; name = "Pods-Passport.debug.xcconfig"; path = "Pods/Target Support Files/Pods-Passport/Pods-Passport.debug.xcconfig"; sourceTree = "<group>"; };
		E31A6E945B6B96DAF96654F0 /* Pods-PassportTests.debug.xcconfig */ = {isa = PBXFileReference; includeInIndex = 1; lastKnownFileType = text.xcconfig; name = "Pods-PassportTests.debug.xcconfig"; path = "Pods/Target Support Files/Pods-PassportTests/Pods-PassportTests.debug.xcconfig"; sourceTree = "<group>"; };
/* End PBXFileReference section */

/* Begin PBXFrameworksBuildPhase section */
		D8DE7DE32176DBCD004F1A95 /* Frameworks */ = {
			isa = PBXFrameworksBuildPhase;
			buildActionMask = 2147483647;
			files = (
				D8DE7E2D217738E6004F1A95 /* CoreLocation.framework in Frameworks */,
				D8DE7E2B217738E0004F1A95 /* PhotosUI.framework in Frameworks */,
				D8DE7E29217738DC004F1A95 /* Photos.framework in Frameworks */,
				F395DA038C0E0B0FA582096E /* Pods_Passport.framework in Frameworks */,
			);
			runOnlyForDeploymentPostprocessing = 0;
		};
		D8DE7DF92176DBCF004F1A95 /* Frameworks */ = {
			isa = PBXFrameworksBuildPhase;
			buildActionMask = 2147483647;
			files = (
				73EE3E59A9F784FAAA1F37E8 /* Pods_PassportTests.framework in Frameworks */,
			);
			runOnlyForDeploymentPostprocessing = 0;
		};
		D8DE7E042176DBCF004F1A95 /* Frameworks */ = {
			isa = PBXFrameworksBuildPhase;
			buildActionMask = 2147483647;
			files = (
				7D2FCC4564F224EE972E5C9D /* Pods_PassportUITests.framework in Frameworks */,
			);
			runOnlyForDeploymentPostprocessing = 0;
		};
/* End PBXFrameworksBuildPhase section */

/* Begin PBXGroup section */
		A5602E467ABF972675DCF90A /* Frameworks */ = {
			isa = PBXGroup;
			children = (
				D8DE7E2C217738E6004F1A95 /* CoreLocation.framework */,
				D8DE7E2A217738E0004F1A95 /* PhotosUI.framework */,
				D8DE7E28217738DC004F1A95 /* Photos.framework */,
				AA47B98829EE2FB5FB7FEB14 /* Pods_Passport.framework */,
				2A4DFCF347104123E39DD01E /* Pods_PassportTests.framework */,
				30BF99830708E0187F01BCE9 /* Pods_PassportUITests.framework */,
			);
			name = Frameworks;
			sourceTree = "<group>";
		};
		C30204E7D9B71FD2EA94FEFF /* Pods */ = {
			isa = PBXGroup;
			children = (
				DA75463309D45B247FA54779 /* Pods-Passport.debug.xcconfig */,
				D81ED50558BD9F19085B2840 /* Pods-Passport.release.xcconfig */,
				E31A6E945B6B96DAF96654F0 /* Pods-PassportTests.debug.xcconfig */,
				40BB27FCD85F73018474EBAC /* Pods-PassportTests.release.xcconfig */,
				8A11E486CA3E7D15668A710F /* Pods-PassportUITests.debug.xcconfig */,
				826302745DFFF33B46F72147 /* Pods-PassportUITests.release.xcconfig */,
			);
			name = Pods;
			sourceTree = "<group>";
		};
		D87DDF3421781C8B002D1D99 /* Entity */ = {
			isa = PBXGroup;
			children = (
				D8DE7E262177386D004F1A95 /* PhotoMeta.swift */,
				D87DDF2B21777984002D1D99 /* PhotoHashData.swift */,
			);
			path = Entity;
			sourceTree = "<group>";
		};
		D87DDF3521781CA7002D1D99 /* SupportFiles */ = {
			isa = PBXGroup;
			children = (
				D87DDF2F21781875002D1D99 /* Earth.mp4 */,
				D8DE7DF42176DBCF004F1A95 /* LaunchScreen.storyboard */,
				D8DE7E1D2176DD29004F1A95 /* Dummy.h */,
				D8DE7E1E2176DD29004F1A95 /* Dummy.m */,
				D8DE7E1C2176DD29004F1A95 /* Passport-Bridging-Header.h */,
			);
			path = SupportFiles;
			sourceTree = "<group>";
		};
		D87DDF3621781D55002D1D99 /* Core */ = {
			isa = PBXGroup;
			children = (
				D8DE7E242176E014004F1A95 /* PhotoScanProcessor.swift */,
				D87DDF2921777004002D1D99 /* Geohash.swift */,
				D87DDF282177687F002D1D99 /* PHPerson.h */,
				D87DDF2521776809002D1D99 /* PHPersonHandler.h */,
				D87DDF2621776809002D1D99 /* PHPersonHandler.m */,
			);
			path = Core;
			sourceTree = "<group>";
		};
		D87DDF3721781D66002D1D99 /* Views */ = {
			isa = PBXGroup;
			children = (
				D87DDF3121781C63002D1D99 /* KEPWelcomeVideoView.h */,
				D87DDF3221781C63002D1D99 /* KEPWelcomeVideoView.m */,
			);
			path = Views;
			sourceTree = "<group>";
		};
		D87DDF402178253D002D1D99 /* Util */ = {
			isa = PBXGroup;
			children = (
				D87DDF3821781DA7002D1D99 /* ScreenUtil.swift */,
				D87DDF2D2177832E002D1D99 /* DateUtil.swift */,
				D87DDF3E2178252D002D1D99 /* ResourceUtil.swift */,
			);
			path = Util;
			sourceTree = "<group>";
		};
		D87DDF43217825CE002D1D99 /* Login */ = {
			isa = PBXGroup;
			children = (
				D87DDF3C217824E1002D1D99 /* LoginViewController.swift */,
				D87DDF41217825C7002D1D99 /* ScanPicViewController.swift */,
			);
			path = Login;
			sourceTree = "<group>";
		};
		D8DE7DDD2176DBCD004F1A95 = {
			isa = PBXGroup;
			children = (
				D8DE7DE82176DBCD004F1A95 /* Passport */,
				D8DE7DFF2176DBCF004F1A95 /* PassportTests */,
				D8DE7E0A2176DBCF004F1A95 /* PassportUITests */,
				D8DE7DE72176DBCD004F1A95 /* Products */,
				C30204E7D9B71FD2EA94FEFF /* Pods */,
				A5602E467ABF972675DCF90A /* Frameworks */,
			);
			sourceTree = "<group>";
		};
		D8DE7DE72176DBCD004F1A95 /* Products */ = {
			isa = PBXGroup;
			children = (
				D8DE7DE62176DBCD004F1A95 /* Passport.app */,
				D8DE7DFC2176DBCF004F1A95 /* PassportTests.xctest */,
				D8DE7E072176DBCF004F1A95 /* PassportUITests.xctest */,
			);
			name = Products;
			sourceTree = "<group>";
		};
		D8DE7DE82176DBCD004F1A95 /* Passport */ = {
			isa = PBXGroup;
			children = (
				D8DE7DE92176DBCD004F1A95 /* PAppDelegate.swift */,
				D8DE7E1B2176DD0F004F1A95 /* ViewController */,
				D87DDF3521781CA7002D1D99 /* SupportFiles */,
				D87DDF3421781C8B002D1D99 /* Entity */,
				D87DDF3621781D55002D1D99 /* Core */,
				D87DDF402178253D002D1D99 /* Util */,
				D87DDF3A217821B2002D1D99 /* LoginView.storyboard */,
				D8DE7DEF2176DBCD004F1A95 /* Main.storyboard */,
				D8DE7DF22176DBCF004F1A95 /* Assets.xcassets */,
				D8DE7DF72176DBCF004F1A95 /* Info.plist */,
			);
			path = Passport;
			sourceTree = "<group>";
		};
		D8DE7DFF2176DBCF004F1A95 /* PassportTests */ = {
			isa = PBXGroup;
			children = (
				D8DE7E002176DBCF004F1A95 /* PassportTests.swift */,
				D8DE7E022176DBCF004F1A95 /* Info.plist */,
			);
			path = PassportTests;
			sourceTree = "<group>";
		};
		D8DE7E0A2176DBCF004F1A95 /* PassportUITests */ = {
			isa = PBXGroup;
			children = (
				D8DE7E0B2176DBCF004F1A95 /* PassportUITests.swift */,
				D8DE7E0D2176DBCF004F1A95 /* Info.plist */,
			);
			path = PassportUITests;
			sourceTree = "<group>";
		};
		D8DE7E1B2176DD0F004F1A95 /* ViewController */ = {
			isa = PBXGroup;
			children = (
				D87DDF3721781D66002D1D99 /* Views */,
				D87DDF43217825CE002D1D99 /* Login */,
				D8DE7DEB2176DBCD004F1A95 /* StatsViewController.swift */,
				D8DE7DED2176DBCD004F1A95 /* TripsViewController.swift */,
				D8DE7E192176DD08004F1A95 /* GroupsTableViewController.swift */,
				D8DE7E202176DD65004F1A95 /* WelcomeViewController.swift */,
				D8DE7E222176DD97004F1A95 /* CustomTabBarViewController.swift */,
				D87DDF2321774D6F002D1D99 /* PhotoListTableViewController.swift */,
			);
			path = ViewController;
			sourceTree = "<group>";
		};
/* End PBXGroup section */

/* Begin PBXNativeTarget section */
		D8DE7DE52176DBCD004F1A95 /* Passport */ = {
			isa = PBXNativeTarget;
			buildConfigurationList = D8DE7E102176DBCF004F1A95 /* Build configuration list for PBXNativeTarget "Passport" */;
			buildPhases = (
				76B6B78491D5C5A9329DE188 /* [CP] Check Pods Manifest.lock */,
				D8DE7DE22176DBCD004F1A95 /* Sources */,
				D8DE7DE32176DBCD004F1A95 /* Frameworks */,
				D8DE7DE42176DBCD004F1A95 /* Resources */,
				AA0EE8049D741079D14FF1D7 /* [CP] Embed Pods Frameworks */,
			);
			buildRules = (
			);
			dependencies = (
			);
			name = Passport;
			productName = Passport;
			productReference = D8DE7DE62176DBCD004F1A95 /* Passport.app */;
			productType = "com.apple.product-type.application";
		};
		D8DE7DFB2176DBCF004F1A95 /* PassportTests */ = {
			isa = PBXNativeTarget;
			buildConfigurationList = D8DE7E132176DBCF004F1A95 /* Build configuration list for PBXNativeTarget "PassportTests" */;
			buildPhases = (
				DA287F602D76069A550A8031 /* [CP] Check Pods Manifest.lock */,
				D8DE7DF82176DBCF004F1A95 /* Sources */,
				D8DE7DF92176DBCF004F1A95 /* Frameworks */,
				D8DE7DFA2176DBCF004F1A95 /* Resources */,
			);
			buildRules = (
			);
			dependencies = (
				D8DE7DFE2176DBCF004F1A95 /* PBXTargetDependency */,
			);
			name = PassportTests;
			productName = PassportTests;
			productReference = D8DE7DFC2176DBCF004F1A95 /* PassportTests.xctest */;
			productType = "com.apple.product-type.bundle.unit-test";
		};
		D8DE7E062176DBCF004F1A95 /* PassportUITests */ = {
			isa = PBXNativeTarget;
			buildConfigurationList = D8DE7E162176DBCF004F1A95 /* Build configuration list for PBXNativeTarget "PassportUITests" */;
			buildPhases = (
				3B134D7D25C2CA2B743EAF98 /* [CP] Check Pods Manifest.lock */,
				D8DE7E032176DBCF004F1A95 /* Sources */,
				D8DE7E042176DBCF004F1A95 /* Frameworks */,
				D8DE7E052176DBCF004F1A95 /* Resources */,
			);
			buildRules = (
			);
			dependencies = (
				D8DE7E092176DBCF004F1A95 /* PBXTargetDependency */,
			);
			name = PassportUITests;
			productName = PassportUITests;
			productReference = D8DE7E072176DBCF004F1A95 /* PassportUITests.xctest */;
			productType = "com.apple.product-type.bundle.ui-testing";
		};
/* End PBXNativeTarget section */

/* Begin PBXProject section */
		D8DE7DDE2176DBCD004F1A95 /* Project object */ = {
			isa = PBXProject;
			attributes = {
				LastSwiftUpdateCheck = 1000;
				LastUpgradeCheck = 1000;
				ORGANIZATIONNAME = Passport;
				TargetAttributes = {
					D8DE7DE52176DBCD004F1A95 = {
						CreatedOnToolsVersion = 10.0;
						LastSwiftMigration = 1000;
					};
					D8DE7DFB2176DBCF004F1A95 = {
						CreatedOnToolsVersion = 10.0;
						TestTargetID = D8DE7DE52176DBCD004F1A95;
					};
					D8DE7E062176DBCF004F1A95 = {
						CreatedOnToolsVersion = 10.0;
						TestTargetID = D8DE7DE52176DBCD004F1A95;
					};
				};
			};
			buildConfigurationList = D8DE7DE12176DBCD004F1A95 /* Build configuration list for PBXProject "Passport" */;
			compatibilityVersion = "Xcode 9.3";
			developmentRegion = en;
			hasScannedForEncodings = 0;
			knownRegions = (
				en,
				Base,
			);
			mainGroup = D8DE7DDD2176DBCD004F1A95;
			productRefGroup = D8DE7DE72176DBCD004F1A95 /* Products */;
			projectDirPath = "";
			projectRoot = "";
			targets = (
				D8DE7DE52176DBCD004F1A95 /* Passport */,
				D8DE7DFB2176DBCF004F1A95 /* PassportTests */,
				D8DE7E062176DBCF004F1A95 /* PassportUITests */,
			);
		};
/* End PBXProject section */

/* Begin PBXResourcesBuildPhase section */
		D8DE7DE42176DBCD004F1A95 /* Resources */ = {
			isa = PBXResourcesBuildPhase;
			buildActionMask = 2147483647;
			files = (
				D8DE7DF62176DBCF004F1A95 /* LaunchScreen.storyboard in Resources */,
				D8DE7DF32176DBCF004F1A95 /* Assets.xcassets in Resources */,
				D87DDF3021781875002D1D99 /* Earth.mp4 in Resources */,
				D8DE7DF12176DBCD004F1A95 /* Main.storyboard in Resources */,
				D87DDF3B217821B2002D1D99 /* LoginView.storyboard in Resources */,
			);
			runOnlyForDeploymentPostprocessing = 0;
		};
		D8DE7DFA2176DBCF004F1A95 /* Resources */ = {
			isa = PBXResourcesBuildPhase;
			buildActionMask = 2147483647;
			files = (
			);
			runOnlyForDeploymentPostprocessing = 0;
		};
		D8DE7E052176DBCF004F1A95 /* Resources */ = {
			isa = PBXResourcesBuildPhase;
			buildActionMask = 2147483647;
			files = (
			);
			runOnlyForDeploymentPostprocessing = 0;
		};
/* End PBXResourcesBuildPhase section */

/* Begin PBXShellScriptBuildPhase section */
		3B134D7D25C2CA2B743EAF98 /* [CP] Check Pods Manifest.lock */ = {
			isa = PBXShellScriptBuildPhase;
			buildActionMask = 2147483647;
			files = (
			);
			inputPaths = (
				"${PODS_PODFILE_DIR_PATH}/Podfile.lock",
				"${PODS_ROOT}/Manifest.lock",
			);
			name = "[CP] Check Pods Manifest.lock";
			outputPaths = (
				"$(DERIVED_FILE_DIR)/Pods-PassportUITests-checkManifestLockResult.txt",
			);
			runOnlyForDeploymentPostprocessing = 0;
			shellPath = /bin/sh;
			shellScript = "diff \"${PODS_PODFILE_DIR_PATH}/Podfile.lock\" \"${PODS_ROOT}/Manifest.lock\" > /dev/null\nif [ $? != 0 ] ; then\n    # print error to STDERR\n    echo \"error: The sandbox is not in sync with the Podfile.lock. Run 'pod install' or update your CocoaPods installation.\" >&2\n    exit 1\nfi\n# This output is used by Xcode 'outputs' to avoid re-running this script phase.\necho \"SUCCESS\" > \"${SCRIPT_OUTPUT_FILE_0}\"\n";
			showEnvVarsInLog = 0;
		};
		76B6B78491D5C5A9329DE188 /* [CP] Check Pods Manifest.lock */ = {
			isa = PBXShellScriptBuildPhase;
			buildActionMask = 2147483647;
			files = (
			);
			inputPaths = (
				"${PODS_PODFILE_DIR_PATH}/Podfile.lock",
				"${PODS_ROOT}/Manifest.lock",
			);
			name = "[CP] Check Pods Manifest.lock";
			outputPaths = (
				"$(DERIVED_FILE_DIR)/Pods-Passport-checkManifestLockResult.txt",
			);
			runOnlyForDeploymentPostprocessing = 0;
			shellPath = /bin/sh;
			shellScript = "diff \"${PODS_PODFILE_DIR_PATH}/Podfile.lock\" \"${PODS_ROOT}/Manifest.lock\" > /dev/null\nif [ $? != 0 ] ; then\n    # print error to STDERR\n    echo \"error: The sandbox is not in sync with the Podfile.lock. Run 'pod install' or update your CocoaPods installation.\" >&2\n    exit 1\nfi\n# This output is used by Xcode 'outputs' to avoid re-running this script phase.\necho \"SUCCESS\" > \"${SCRIPT_OUTPUT_FILE_0}\"\n";
			showEnvVarsInLog = 0;
		};
		AA0EE8049D741079D14FF1D7 /* [CP] Embed Pods Frameworks */ = {
			isa = PBXShellScriptBuildPhase;
			buildActionMask = 2147483647;
			files = (
			);
			inputPaths = (
				"${SRCROOT}/Pods/Target Support Files/Pods-Passport/Pods-Passport-frameworks.sh",
				"${BUILT_PRODUCTS_DIR}/Alamofire/Alamofire.framework",
				"${PODS_ROOT}/Mapbox-iOS-SDK/dynamic/Mapbox.framework",
				"${PODS_ROOT}/Mapbox-iOS-SDK/dynamic/Mapbox.framework.dSYM",
				"${BUILT_PRODUCTS_DIR}/Toast-Swift/Toast_Swift.framework",
			);
			name = "[CP] Embed Pods Frameworks";
			outputPaths = (
				"${TARGET_BUILD_DIR}/${FRAMEWORKS_FOLDER_PATH}/Alamofire.framework",
				"${TARGET_BUILD_DIR}/${FRAMEWORKS_FOLDER_PATH}/Mapbox.framework",
				"${DWARF_DSYM_FOLDER_PATH}/Mapbox.framework.dSYM",
				"${TARGET_BUILD_DIR}/${FRAMEWORKS_FOLDER_PATH}/Toast_Swift.framework",
			);
			runOnlyForDeploymentPostprocessing = 0;
			shellPath = /bin/sh;
			shellScript = "\"${SRCROOT}/Pods/Target Support Files/Pods-Passport/Pods-Passport-frameworks.sh\"\n";
			showEnvVarsInLog = 0;
		};
		DA287F602D76069A550A8031 /* [CP] Check Pods Manifest.lock */ = {
			isa = PBXShellScriptBuildPhase;
			buildActionMask = 2147483647;
			files = (
			);
			inputPaths = (
				"${PODS_PODFILE_DIR_PATH}/Podfile.lock",
				"${PODS_ROOT}/Manifest.lock",
			);
			name = "[CP] Check Pods Manifest.lock";
			outputPaths = (
				"$(DERIVED_FILE_DIR)/Pods-PassportTests-checkManifestLockResult.txt",
			);
			runOnlyForDeploymentPostprocessing = 0;
			shellPath = /bin/sh;
			shellScript = "diff \"${PODS_PODFILE_DIR_PATH}/Podfile.lock\" \"${PODS_ROOT}/Manifest.lock\" > /dev/null\nif [ $? != 0 ] ; then\n    # print error to STDERR\n    echo \"error: The sandbox is not in sync with the Podfile.lock. Run 'pod install' or update your CocoaPods installation.\" >&2\n    exit 1\nfi\n# This output is used by Xcode 'outputs' to avoid re-running this script phase.\necho \"SUCCESS\" > \"${SCRIPT_OUTPUT_FILE_0}\"\n";
			showEnvVarsInLog = 0;
		};
/* End PBXShellScriptBuildPhase section */

/* Begin PBXSourcesBuildPhase section */
		D8DE7DE22176DBCD004F1A95 /* Sources */ = {
			isa = PBXSourcesBuildPhase;
			buildActionMask = 2147483647;
			files = (
				D8DE7E272177386D004F1A95 /* PhotoMeta.swift in Sources */,
				D8DE7DEE2176DBCD004F1A95 /* TripsViewController.swift in Sources */,
				D87DDF2421774D6F002D1D99 /* PhotoListTableViewController.swift in Sources */,
				D87DDF2A21777004002D1D99 /* Geohash.swift in Sources */,
				D8DE7E1A2176DD08004F1A95 /* GroupsTableViewController.swift in Sources */,
				D8DE7E252176E014004F1A95 /* PhotoScanProcessor.swift in Sources */,
				D87DDF2721776809002D1D99 /* PHPersonHandler.m in Sources */,
				D87DDF3F2178252D002D1D99 /* ResourceUtil.swift in Sources */,
				D8DE7DEA2176DBCD004F1A95 /* PAppDelegate.swift in Sources */,
				D8DE7E212176DD65004F1A95 /* WelcomeViewController.swift in Sources */,
				D87DDF3921781DA7002D1D99 /* ScreenUtil.swift in Sources */,
				D8DE7E232176DD97004F1A95 /* CustomTabBarViewController.swift in Sources */,
				D8DE7E1F2176DD29004F1A95 /* Dummy.m in Sources */,
				D87DDF3321781C64002D1D99 /* KEPWelcomeVideoView.m in Sources */,
				D87DDF3D217824E1002D1D99 /* LoginViewController.swift in Sources */,
				D87DDF2C21777984002D1D99 /* PhotoHashData.swift in Sources */,
				D8DE7DEC2176DBCD004F1A95 /* StatsViewController.swift in Sources */,
				D87DDF42217825C7002D1D99 /* ScanPicViewController.swift in Sources */,
				D87DDF2E2177832E002D1D99 /* DateUtil.swift in Sources */,
			);
			runOnlyForDeploymentPostprocessing = 0;
		};
		D8DE7DF82176DBCF004F1A95 /* Sources */ = {
			isa = PBXSourcesBuildPhase;
			buildActionMask = 2147483647;
			files = (
				D8DE7E012176DBCF004F1A95 /* PassportTests.swift in Sources */,
			);
			runOnlyForDeploymentPostprocessing = 0;
		};
		D8DE7E032176DBCF004F1A95 /* Sources */ = {
			isa = PBXSourcesBuildPhase;
			buildActionMask = 2147483647;
			files = (
				D8DE7E0C2176DBCF004F1A95 /* PassportUITests.swift in Sources */,
			);
			runOnlyForDeploymentPostprocessing = 0;
		};
/* End PBXSourcesBuildPhase section */

/* Begin PBXTargetDependency section */
		D8DE7DFE2176DBCF004F1A95 /* PBXTargetDependency */ = {
			isa = PBXTargetDependency;
			target = D8DE7DE52176DBCD004F1A95 /* Passport */;
			targetProxy = D8DE7DFD2176DBCF004F1A95 /* PBXContainerItemProxy */;
		};
		D8DE7E092176DBCF004F1A95 /* PBXTargetDependency */ = {
			isa = PBXTargetDependency;
			target = D8DE7DE52176DBCD004F1A95 /* Passport */;
			targetProxy = D8DE7E082176DBCF004F1A95 /* PBXContainerItemProxy */;
		};
/* End PBXTargetDependency section */

/* Begin PBXVariantGroup section */
		D8DE7DEF2176DBCD004F1A95 /* Main.storyboard */ = {
			isa = PBXVariantGroup;
			children = (
				D8DE7DF02176DBCD004F1A95 /* Base */,
			);
			name = Main.storyboard;
			sourceTree = "<group>";
		};
		D8DE7DF42176DBCF004F1A95 /* LaunchScreen.storyboard */ = {
			isa = PBXVariantGroup;
			children = (
				D8DE7DF52176DBCF004F1A95 /* Base */,
			);
			name = LaunchScreen.storyboard;
			sourceTree = "<group>";
		};
/* End PBXVariantGroup section */

/* Begin XCBuildConfiguration section */
		D8DE7E0E2176DBCF004F1A95 /* Debug */ = {
			isa = XCBuildConfiguration;
			buildSettings = {
				ALWAYS_SEARCH_USER_PATHS = NO;
				CLANG_ANALYZER_NONNULL = YES;
				CLANG_ANALYZER_NUMBER_OBJECT_CONVERSION = YES_AGGRESSIVE;
				CLANG_CXX_LANGUAGE_STANDARD = "gnu++14";
				CLANG_CXX_LIBRARY = "libc++";
				CLANG_ENABLE_MODULES = YES;
				CLANG_ENABLE_OBJC_ARC = YES;
				CLANG_ENABLE_OBJC_WEAK = YES;
				CLANG_WARN_BLOCK_CAPTURE_AUTORELEASING = YES;
				CLANG_WARN_BOOL_CONVERSION = YES;
				CLANG_WARN_COMMA = YES;
				CLANG_WARN_CONSTANT_CONVERSION = YES;
				CLANG_WARN_DEPRECATED_OBJC_IMPLEMENTATIONS = YES;
				CLANG_WARN_DIRECT_OBJC_ISA_USAGE = YES_ERROR;
				CLANG_WARN_DOCUMENTATION_COMMENTS = YES;
				CLANG_WARN_EMPTY_BODY = YES;
				CLANG_WARN_ENUM_CONVERSION = YES;
				CLANG_WARN_INFINITE_RECURSION = YES;
				CLANG_WARN_INT_CONVERSION = YES;
				CLANG_WARN_NON_LITERAL_NULL_CONVERSION = YES;
				CLANG_WARN_OBJC_IMPLICIT_RETAIN_SELF = YES;
				CLANG_WARN_OBJC_LITERAL_CONVERSION = YES;
				CLANG_WARN_OBJC_ROOT_CLASS = YES_ERROR;
				CLANG_WARN_RANGE_LOOP_ANALYSIS = YES;
				CLANG_WARN_STRICT_PROTOTYPES = YES;
				CLANG_WARN_SUSPICIOUS_MOVE = YES;
				CLANG_WARN_UNGUARDED_AVAILABILITY = YES_AGGRESSIVE;
				CLANG_WARN_UNREACHABLE_CODE = YES;
				CLANG_WARN__DUPLICATE_METHOD_MATCH = YES;
				CODE_SIGN_IDENTITY = "iPhone Developer";
				COPY_PHASE_STRIP = NO;
				DEBUG_INFORMATION_FORMAT = dwarf;
				ENABLE_STRICT_OBJC_MSGSEND = YES;
				ENABLE_TESTABILITY = YES;
				GCC_C_LANGUAGE_STANDARD = gnu11;
				GCC_DYNAMIC_NO_PIC = NO;
				GCC_NO_COMMON_BLOCKS = YES;
				GCC_OPTIMIZATION_LEVEL = 0;
				GCC_PREPROCESSOR_DEFINITIONS = (
					"DEBUG=1",
					"$(inherited)",
				);
				GCC_WARN_64_TO_32_BIT_CONVERSION = YES;
				GCC_WARN_ABOUT_RETURN_TYPE = YES_ERROR;
				GCC_WARN_UNDECLARED_SELECTOR = YES;
				GCC_WARN_UNINITIALIZED_AUTOS = YES_AGGRESSIVE;
				GCC_WARN_UNUSED_FUNCTION = YES;
				GCC_WARN_UNUSED_VARIABLE = YES;
				IPHONEOS_DEPLOYMENT_TARGET = 12.0;
				MTL_ENABLE_DEBUG_INFO = INCLUDE_SOURCE;
				MTL_FAST_MATH = YES;
				ONLY_ACTIVE_ARCH = YES;
				SDKROOT = iphoneos;
				SWIFT_ACTIVE_COMPILATION_CONDITIONS = DEBUG;
				SWIFT_OPTIMIZATION_LEVEL = "-Onone";
			};
			name = Debug;
		};
		D8DE7E0F2176DBCF004F1A95 /* Release */ = {
			isa = XCBuildConfiguration;
			buildSettings = {
				ALWAYS_SEARCH_USER_PATHS = NO;
				CLANG_ANALYZER_NONNULL = YES;
				CLANG_ANALYZER_NUMBER_OBJECT_CONVERSION = YES_AGGRESSIVE;
				CLANG_CXX_LANGUAGE_STANDARD = "gnu++14";
				CLANG_CXX_LIBRARY = "libc++";
				CLANG_ENABLE_MODULES = YES;
				CLANG_ENABLE_OBJC_ARC = YES;
				CLANG_ENABLE_OBJC_WEAK = YES;
				CLANG_WARN_BLOCK_CAPTURE_AUTORELEASING = YES;
				CLANG_WARN_BOOL_CONVERSION = YES;
				CLANG_WARN_COMMA = YES;
				CLANG_WARN_CONSTANT_CONVERSION = YES;
				CLANG_WARN_DEPRECATED_OBJC_IMPLEMENTATIONS = YES;
				CLANG_WARN_DIRECT_OBJC_ISA_USAGE = YES_ERROR;
				CLANG_WARN_DOCUMENTATION_COMMENTS = YES;
				CLANG_WARN_EMPTY_BODY = YES;
				CLANG_WARN_ENUM_CONVERSION = YES;
				CLANG_WARN_INFINITE_RECURSION = YES;
				CLANG_WARN_INT_CONVERSION = YES;
				CLANG_WARN_NON_LITERAL_NULL_CONVERSION = YES;
				CLANG_WARN_OBJC_IMPLICIT_RETAIN_SELF = YES;
				CLANG_WARN_OBJC_LITERAL_CONVERSION = YES;
				CLANG_WARN_OBJC_ROOT_CLASS = YES_ERROR;
				CLANG_WARN_RANGE_LOOP_ANALYSIS = YES;
				CLANG_WARN_STRICT_PROTOTYPES = YES;
				CLANG_WARN_SUSPICIOUS_MOVE = YES;
				CLANG_WARN_UNGUARDED_AVAILABILITY = YES_AGGRESSIVE;
				CLANG_WARN_UNREACHABLE_CODE = YES;
				CLANG_WARN__DUPLICATE_METHOD_MATCH = YES;
				CODE_SIGN_IDENTITY = "iPhone Developer";
				COPY_PHASE_STRIP = NO;
				DEBUG_INFORMATION_FORMAT = "dwarf-with-dsym";
				ENABLE_NS_ASSERTIONS = NO;
				ENABLE_STRICT_OBJC_MSGSEND = YES;
				GCC_C_LANGUAGE_STANDARD = gnu11;
				GCC_NO_COMMON_BLOCKS = YES;
				GCC_WARN_64_TO_32_BIT_CONVERSION = YES;
				GCC_WARN_ABOUT_RETURN_TYPE = YES_ERROR;
				GCC_WARN_UNDECLARED_SELECTOR = YES;
				GCC_WARN_UNINITIALIZED_AUTOS = YES_AGGRESSIVE;
				GCC_WARN_UNUSED_FUNCTION = YES;
				GCC_WARN_UNUSED_VARIABLE = YES;
				IPHONEOS_DEPLOYMENT_TARGET = 12.0;
				MTL_ENABLE_DEBUG_INFO = NO;
				MTL_FAST_MATH = YES;
				SDKROOT = iphoneos;
				SWIFT_COMPILATION_MODE = wholemodule;
				SWIFT_OPTIMIZATION_LEVEL = "-O";
				VALIDATE_PRODUCT = YES;
			};
			name = Release;
		};
		D8DE7E112176DBCF004F1A95 /* Debug */ = {
			isa = XCBuildConfiguration;
			baseConfigurationReference = DA75463309D45B247FA54779 /* Pods-Passport.debug.xcconfig */;
			buildSettings = {
				ASSETCATALOG_COMPILER_APPICON_NAME = AppIcon;
				CLANG_ENABLE_MODULES = YES;
				CODE_SIGN_STYLE = Automatic;
				DEVELOPMENT_TEAM = C62TJ4568H;
				INFOPLIST_FILE = Passport/Info.plist;
				IPHONEOS_DEPLOYMENT_TARGET = 10.0;
				LD_RUNPATH_SEARCH_PATHS = (
					"$(inherited)",
					"@executable_path/Frameworks",
				);
				PRODUCT_BUNDLE_IDENTIFIER = com.keep.Passport;
				PRODUCT_NAME = "$(TARGET_NAME)";
				SWIFT_OBJC_BRIDGING_HEADER = "Passport/SupportFiles/Passport-Bridging-Header.h";
				SWIFT_OPTIMIZATION_LEVEL = "-Onone";
				SWIFT_VERSION = 4.2;
				TARGETED_DEVICE_FAMILY = "1,2";
			};
			name = Debug;
		};
		D8DE7E122176DBCF004F1A95 /* Release */ = {
			isa = XCBuildConfiguration;
			baseConfigurationReference = D81ED50558BD9F19085B2840 /* Pods-Passport.release.xcconfig */;
			buildSettings = {
				ASSETCATALOG_COMPILER_APPICON_NAME = AppIcon;
				CLANG_ENABLE_MODULES = YES;
				CODE_SIGN_STYLE = Automatic;
				DEVELOPMENT_TEAM = C62TJ4568H;
				INFOPLIST_FILE = Passport/Info.plist;
				IPHONEOS_DEPLOYMENT_TARGET = 10.0;
				LD_RUNPATH_SEARCH_PATHS = (
					"$(inherited)",
					"@executable_path/Frameworks",
				);
				PRODUCT_BUNDLE_IDENTIFIER = com.keep.Passport;
				PRODUCT_NAME = "$(TARGET_NAME)";
				SWIFT_OBJC_BRIDGING_HEADER = "Passport/SupportFiles/Passport-Bridging-Header.h";
				SWIFT_VERSION = 4.2;
				TARGETED_DEVICE_FAMILY = "1,2";
			};
			name = Release;
		};
		D8DE7E142176DBCF004F1A95 /* Debug */ = {
			isa = XCBuildConfiguration;
			baseConfigurationReference = E31A6E945B6B96DAF96654F0 /* Pods-PassportTests.debug.xcconfig */;
			buildSettings = {
				ALWAYS_EMBED_SWIFT_STANDARD_LIBRARIES = YES;
				BUNDLE_LOADER = "$(TEST_HOST)";
				CODE_SIGN_STYLE = Automatic;
				DEVELOPMENT_TEAM = HG2SE2YJ8W;
				INFOPLIST_FILE = PassportTests/Info.plist;
				LD_RUNPATH_SEARCH_PATHS = (
					"$(inherited)",
					"@executable_path/Frameworks",
					"@loader_path/Frameworks",
				);
				PRODUCT_BUNDLE_IDENTIFIER = com.keep.PassportTests;
				PRODUCT_NAME = "$(TARGET_NAME)";
				SWIFT_VERSION = 4.2;
				TARGETED_DEVICE_FAMILY = "1,2";
				TEST_HOST = "$(BUILT_PRODUCTS_DIR)/Passport.app/Passport";
			};
			name = Debug;
		};
		D8DE7E152176DBCF004F1A95 /* Release */ = {
			isa = XCBuildConfiguration;
			baseConfigurationReference = 40BB27FCD85F73018474EBAC /* Pods-PassportTests.release.xcconfig */;
			buildSettings = {
				ALWAYS_EMBED_SWIFT_STANDARD_LIBRARIES = YES;
				BUNDLE_LOADER = "$(TEST_HOST)";
				CODE_SIGN_STYLE = Automatic;
				DEVELOPMENT_TEAM = HG2SE2YJ8W;
				INFOPLIST_FILE = PassportTests/Info.plist;
				LD_RUNPATH_SEARCH_PATHS = (
					"$(inherited)",
					"@executable_path/Frameworks",
					"@loader_path/Frameworks",
				);
				PRODUCT_BUNDLE_IDENTIFIER = com.keep.PassportTests;
				PRODUCT_NAME = "$(TARGET_NAME)";
				SWIFT_VERSION = 4.2;
				TARGETED_DEVICE_FAMILY = "1,2";
				TEST_HOST = "$(BUILT_PRODUCTS_DIR)/Passport.app/Passport";
			};
			name = Release;
		};
		D8DE7E172176DBCF004F1A95 /* Debug */ = {
			isa = XCBuildConfiguration;
			baseConfigurationReference = 8A11E486CA3E7D15668A710F /* Pods-PassportUITests.debug.xcconfig */;
			buildSettings = {
				ALWAYS_EMBED_SWIFT_STANDARD_LIBRARIES = YES;
				CODE_SIGN_STYLE = Automatic;
				DEVELOPMENT_TEAM = HG2SE2YJ8W;
				INFOPLIST_FILE = PassportUITests/Info.plist;
				LD_RUNPATH_SEARCH_PATHS = (
					"$(inherited)",
					"@executable_path/Frameworks",
					"@loader_path/Frameworks",
				);
				PRODUCT_BUNDLE_IDENTIFIER = com.keep.PassportUITests;
				PRODUCT_NAME = "$(TARGET_NAME)";
				SWIFT_VERSION = 4.2;
				TARGETED_DEVICE_FAMILY = "1,2";
				TEST_TARGET_NAME = Passport;
			};
			name = Debug;
		};
		D8DE7E182176DBCF004F1A95 /* Release */ = {
			isa = XCBuildConfiguration;
			baseConfigurationReference = 826302745DFFF33B46F72147 /* Pods-PassportUITests.release.xcconfig */;
			buildSettings = {
				ALWAYS_EMBED_SWIFT_STANDARD_LIBRARIES = YES;
				CODE_SIGN_STYLE = Automatic;
				DEVELOPMENT_TEAM = HG2SE2YJ8W;
				INFOPLIST_FILE = PassportUITests/Info.plist;
				LD_RUNPATH_SEARCH_PATHS = (
					"$(inherited)",
					"@executable_path/Frameworks",
					"@loader_path/Frameworks",
				);
				PRODUCT_BUNDLE_IDENTIFIER = com.keep.PassportUITests;
				PRODUCT_NAME = "$(TARGET_NAME)";
				SWIFT_VERSION = 4.2;
				TARGETED_DEVICE_FAMILY = "1,2";
				TEST_TARGET_NAME = Passport;
			};
			name = Release;
		};
/* End XCBuildConfiguration section */

/* Begin XCConfigurationList section */
		D8DE7DE12176DBCD004F1A95 /* Build configuration list for PBXProject "Passport" */ = {
			isa = XCConfigurationList;
			buildConfigurations = (
				D8DE7E0E2176DBCF004F1A95 /* Debug */,
				D8DE7E0F2176DBCF004F1A95 /* Release */,
			);
			defaultConfigurationIsVisible = 0;
			defaultConfigurationName = Release;
		};
		D8DE7E102176DBCF004F1A95 /* Build configuration list for PBXNativeTarget "Passport" */ = {
			isa = XCConfigurationList;
			buildConfigurations = (
				D8DE7E112176DBCF004F1A95 /* Debug */,
				D8DE7E122176DBCF004F1A95 /* Release */,
			);
			defaultConfigurationIsVisible = 0;
			defaultConfigurationName = Release;
		};
		D8DE7E132176DBCF004F1A95 /* Build configuration list for PBXNativeTarget "PassportTests" */ = {
			isa = XCConfigurationList;
			buildConfigurations = (
				D8DE7E142176DBCF004F1A95 /* Debug */,
				D8DE7E152176DBCF004F1A95 /* Release */,
			);
			defaultConfigurationIsVisible = 0;
			defaultConfigurationName = Release;
		};
		D8DE7E162176DBCF004F1A95 /* Build configuration list for PBXNativeTarget "PassportUITests" */ = {
			isa = XCConfigurationList;
			buildConfigurations = (
				D8DE7E172176DBCF004F1A95 /* Debug */,
				D8DE7E182176DBCF004F1A95 /* Release */,
			);
			defaultConfigurationIsVisible = 0;
			defaultConfigurationName = Release;
		};
/* End XCConfigurationList section */
	};
	rootObject = D8DE7DDE2176DBCD004F1A95 /* Project object */;
}
